// !$*UTF8*$!
{
	archiveVersion = 1;
	classes = {
	};
	objectVersion = 46;
	objects = {

/* Begin PBXBuildFile section */
		4172E478191A6FCF003875D8 /* Foundation.framework in Frameworks */ = {isa = PBXBuildFile; fileRef = 4172E477191A6FCF003875D8 /* Foundation.framework */; };
		4172E47A191A6FCF003875D8 /* CoreGraphics.framework in Frameworks */ = {isa = PBXBuildFile; fileRef = 4172E479191A6FCF003875D8 /* CoreGraphics.framework */; };
		4172E47C191A6FCF003875D8 /* UIKit.framework in Frameworks */ = {isa = PBXBuildFile; fileRef = 4172E47B191A6FCF003875D8 /* UIKit.framework */; };
		4172E482191A6FCF003875D8 /* InfoPlist.strings in Resources */ = {isa = PBXBuildFile; fileRef = 4172E480191A6FCF003875D8 /* InfoPlist.strings */; };
		4172E484191A6FCF003875D8 /* main.m in Sources */ = {isa = PBXBuildFile; fileRef = 4172E483191A6FCF003875D8 /* main.m */; };
		4172E488191A6FCF003875D8 /* AppDelegate.m in Sources */ = {isa = PBXBuildFile; fileRef = 4172E487191A6FCF003875D8 /* AppDelegate.m */; };
		4172E48B191A6FCF003875D8 /* Main.storyboard in Resources */ = {isa = PBXBuildFile; fileRef = 4172E489191A6FCF003875D8 /* Main.storyboard */; };
		4172E48E191A6FCF003875D8 /* MCMessagesViewController.m in Sources */ = {isa = PBXBuildFile; fileRef = 4172E48D191A6FCF003875D8 /* MCMessagesViewController.m */; };
		4172E491191A6FCF003875D8 /* SecondViewController.m in Sources */ = {isa = PBXBuildFile; fileRef = 4172E490191A6FCF003875D8 /* SecondViewController.m */; };
		4172E493191A6FCF003875D8 /* Images.xcassets in Resources */ = {isa = PBXBuildFile; fileRef = 4172E492191A6FCF003875D8 /* Images.xcassets */; };
		4172E49A191A6FCF003875D8 /* XCTest.framework in Frameworks */ = {isa = PBXBuildFile; fileRef = 4172E499191A6FCF003875D8 /* XCTest.framework */; };
		4172E49B191A6FCF003875D8 /* Foundation.framework in Frameworks */ = {isa = PBXBuildFile; fileRef = 4172E477191A6FCF003875D8 /* Foundation.framework */; };
		4172E49C191A6FCF003875D8 /* UIKit.framework in Frameworks */ = {isa = PBXBuildFile; fileRef = 4172E47B191A6FCF003875D8 /* UIKit.framework */; };
		4172E4A4191A6FCF003875D8 /* InfoPlist.strings in Resources */ = {isa = PBXBuildFile; fileRef = 4172E4A2191A6FCF003875D8 /* InfoPlist.strings */; };
		4172E4A6191A6FCF003875D8 /* MCDemoTests.m in Sources */ = {isa = PBXBuildFile; fileRef = 4172E4A5191A6FCF003875D8 /* MCDemoTests.m */; };
		4172E4B1191A701C003875D8 /* ConnectionsViewController.m in Sources */ = {isa = PBXBuildFile; fileRef = 4172E4B0191A701C003875D8 /* ConnectionsViewController.m */; };
		4172E4B4191A7236003875D8 /* MCChatSession.m in Sources */ = {isa = PBXBuildFile; fileRef = 4172E4B3191A7236003875D8 /* MCChatSession.m */; };
		4172E4B7191BDAF5003875D8 /* sample_file1.txt in Resources */ = {isa = PBXBuildFile; fileRef = 4172E4B6191BDAF5003875D8 /* sample_file1.txt */; };
		4172E4B9191BDAFA003875D8 /* sample_file2.txt in Resources */ = {isa = PBXBuildFile; fileRef = 4172E4B8191BDAFA003875D8 /* sample_file2.txt */; };
		845AE43D1920A34C00CE4856 /* bubble.png in Resources */ = {isa = PBXBuildFile; fileRef = 845AE3E81920A34C00CE4856 /* bubble.png */; };
		845AE43E1920A34C00CE4856 /* bubble@2x.png in Resources */ = {isa = PBXBuildFile; fileRef = 845AE3E91920A34C00CE4856 /* bubble@2x.png */; };
		845AE43F1920A34C00CE4856 /* bubble_min.png in Resources */ = {isa = PBXBuildFile; fileRef = 845AE3EA1920A34C00CE4856 /* bubble_min.png */; };
		845AE4401920A34C00CE4856 /* bubble_min@2x.png in Resources */ = {isa = PBXBuildFile; fileRef = 845AE3EB1920A34C00CE4856 /* bubble_min@2x.png */; };
		845AE4411920A34C00CE4856 /* bubble_min_tailless.png in Resources */ = {isa = PBXBuildFile; fileRef = 845AE3EC1920A34C00CE4856 /* bubble_min_tailless.png */; };
		845AE4421920A34C00CE4856 /* bubble_min_tailless@2x.png in Resources */ = {isa = PBXBuildFile; fileRef = 845AE3ED1920A34C00CE4856 /* bubble_min_tailless@2x.png */; };
		845AE4431920A34C00CE4856 /* bubble_stroked.png in Resources */ = {isa = PBXBuildFile; fileRef = 845AE3EE1920A34C00CE4856 /* bubble_stroked.png */; };
		845AE4441920A34C00CE4856 /* bubble_stroked@2x.png in Resources */ = {isa = PBXBuildFile; fileRef = 845AE3EF1920A34C00CE4856 /* bubble_stroked@2x.png */; };
		845AE4451920A34C00CE4856 /* bubble_stroked_tailless.png in Resources */ = {isa = PBXBuildFile; fileRef = 845AE3F01920A34C00CE4856 /* bubble_stroked_tailless.png */; };
		845AE4461920A34C00CE4856 /* bubble_stroked_tailless@2x.png in Resources */ = {isa = PBXBuildFile; fileRef = 845AE3F11920A34C00CE4856 /* bubble_stroked_tailless@2x.png */; };
		845AE4471920A34C00CE4856 /* bubble_tailless.png in Resources */ = {isa = PBXBuildFile; fileRef = 845AE3F21920A34C00CE4856 /* bubble_tailless.png */; };
		845AE4481920A34C00CE4856 /* bubble_tailless@2x.png in Resources */ = {isa = PBXBuildFile; fileRef = 845AE3F31920A34C00CE4856 /* bubble_tailless@2x.png */; };
		845AE4491920A34C00CE4856 /* camera.png in Resources */ = {isa = PBXBuildFile; fileRef = 845AE3F41920A34C00CE4856 /* camera.png */; };
		845AE44A1920A34C00CE4856 /* camera@2x.png in Resources */ = {isa = PBXBuildFile; fileRef = 845AE3F51920A34C00CE4856 /* camera@2x.png */; };
		845AE44B1920A34C00CE4856 /* typing.png in Resources */ = {isa = PBXBuildFile; fileRef = 845AE3F61920A34C00CE4856 /* typing.png */; };
		845AE44C1920A34C00CE4856 /* typing@2x.png in Resources */ = {isa = PBXBuildFile; fileRef = 845AE3F71920A34C00CE4856 /* typing@2x.png */; };
		845AE44D1920A34C00CE4856 /* message_received.aiff in Resources */ = {isa = PBXBuildFile; fileRef = 845AE3F91920A34C00CE4856 /* message_received.aiff */; };
		845AE44E1920A34C00CE4856 /* message_sent.aiff in Resources */ = {isa = PBXBuildFile; fileRef = 845AE3FA1920A34C00CE4856 /* message_sent.aiff */; };
		845AE44F1920A34C00CE4856 /* JSQSystemSoundPlayer+JSQMessages.m in Sources */ = {isa = PBXBuildFile; fileRef = 845AE3FD1920A34C00CE4856 /* JSQSystemSoundPlayer+JSQMessages.m */; };
		845AE4501920A34C00CE4856 /* NSString+JSQMessages.m in Sources */ = {isa = PBXBuildFile; fileRef = 845AE3FF1920A34C00CE4856 /* NSString+JSQMessages.m */; };
		845AE4511920A34C00CE4856 /* UIColor+JSQMessages.m in Sources */ = {isa = PBXBuildFile; fileRef = 845AE4011920A34C00CE4856 /* UIColor+JSQMessages.m */; };
		845AE4521920A34C00CE4856 /* UIImage+JSQMessages.m in Sources */ = {isa = PBXBuildFile; fileRef = 845AE4031920A34C00CE4856 /* UIImage+JSQMessages.m */; };
		845AE4531920A34C00CE4856 /* UIView+JSQMessages.m in Sources */ = {isa = PBXBuildFile; fileRef = 845AE4051920A34C00CE4856 /* UIView+JSQMessages.m */; };
		845AE4541920A34C00CE4856 /* JSQMessagesKeyboardController.m in Sources */ = {isa = PBXBuildFile; fileRef = 845AE4081920A34C00CE4856 /* JSQMessagesKeyboardController.m */; };
		845AE4551920A34C00CE4856 /* JSQMessagesViewController.m in Sources */ = {isa = PBXBuildFile; fileRef = 845AE40A1920A34C00CE4856 /* JSQMessagesViewController.m */; };
		845AE4561920A34C00CE4856 /* JSQMessagesViewController.xib in Resources */ = {isa = PBXBuildFile; fileRef = 845AE40B1920A34C00CE4856 /* JSQMessagesViewController.xib */; };
		845AE4571920A34C00CE4856 /* JSQMessagesAvatarFactory.m in Sources */ = {isa = PBXBuildFile; fileRef = 845AE40E1920A34C00CE4856 /* JSQMessagesAvatarFactory.m */; };
		845AE4581920A34C00CE4856 /* JSQMessagesBubbleImageFactory.m in Sources */ = {isa = PBXBuildFile; fileRef = 845AE4101920A34C00CE4856 /* JSQMessagesBubbleImageFactory.m */; };
		845AE4591920A34C00CE4856 /* JSQMessagesTimestampFormatter.m in Sources */ = {isa = PBXBuildFile; fileRef = 845AE4121920A34C00CE4856 /* JSQMessagesTimestampFormatter.m */; };
		845AE45A1920A34C00CE4856 /* JSQMessagesToolbarButtonFactory.m in Sources */ = {isa = PBXBuildFile; fileRef = 845AE4141920A34C00CE4856 /* JSQMessagesToolbarButtonFactory.m */; };
		845AE45B1920A34C00CE4856 /* JSQMessagesCollectionViewFlowLayout.m in Sources */ = {isa = PBXBuildFile; fileRef = 845AE4181920A34C00CE4856 /* JSQMessagesCollectionViewFlowLayout.m */; };
		845AE45C1920A34C00CE4856 /* JSQMessagesCollectionViewLayoutAttributes.m in Sources */ = {isa = PBXBuildFile; fileRef = 845AE41A1920A34C00CE4856 /* JSQMessagesCollectionViewLayoutAttributes.m */; };
		845AE45D1920A34C00CE4856 /* JSQMessage.m in Sources */ = {isa = PBXBuildFile; fileRef = 845AE41D1920A34C00CE4856 /* JSQMessage.m */; };
		845AE45E1920A34C00CE4856 /* JSQMessagesCollectionView.m in Sources */ = {isa = PBXBuildFile; fileRef = 845AE4211920A34C00CE4856 /* JSQMessagesCollectionView.m */; };
		845AE45F1920A34C00CE4856 /* JSQMessagesCollectionViewCell.m in Sources */ = {isa = PBXBuildFile; fileRef = 845AE4231920A34C00CE4856 /* JSQMessagesCollectionViewCell.m */; };
		845AE4601920A34C00CE4856 /* JSQMessagesCollectionViewCellIncoming.m in Sources */ = {isa = PBXBuildFile; fileRef = 845AE4251920A34C00CE4856 /* JSQMessagesCollectionViewCellIncoming.m */; };
		845AE4611920A34C00CE4856 /* JSQMessagesCollectionViewCellIncoming.xib in Resources */ = {isa = PBXBuildFile; fileRef = 845AE4261920A34C00CE4856 /* JSQMessagesCollectionViewCellIncoming.xib */; };
		845AE4621920A34C00CE4856 /* JSQMessagesCollectionViewCellOutgoing.m in Sources */ = {isa = PBXBuildFile; fileRef = 845AE4281920A34C00CE4856 /* JSQMessagesCollectionViewCellOutgoing.m */; };
		845AE4631920A34C00CE4856 /* JSQMessagesCollectionViewCellOutgoing.xib in Resources */ = {isa = PBXBuildFile; fileRef = 845AE4291920A34C00CE4856 /* JSQMessagesCollectionViewCellOutgoing.xib */; };
		845AE4641920A34C00CE4856 /* JSQMessagesComposerTextView.m in Sources */ = {isa = PBXBuildFile; fileRef = 845AE42B1920A34C00CE4856 /* JSQMessagesComposerTextView.m */; };
		845AE4651920A34C00CE4856 /* JSQMessagesInputToolbar.m in Sources */ = {isa = PBXBuildFile; fileRef = 845AE42D1920A34C00CE4856 /* JSQMessagesInputToolbar.m */; };
		845AE4661920A34C00CE4856 /* JSQMessagesLabel.m in Sources */ = {isa = PBXBuildFile; fileRef = 845AE42F1920A34C00CE4856 /* JSQMessagesLabel.m */; };
		845AE4671920A34C00CE4856 /* JSQMessagesLoadEarlierHeaderView.m in Sources */ = {isa = PBXBuildFile; fileRef = 845AE4311920A34C00CE4856 /* JSQMessagesLoadEarlierHeaderView.m */; };
		845AE4681920A34C00CE4856 /* JSQMessagesLoadEarlierHeaderView.xib in Resources */ = {isa = PBXBuildFile; fileRef = 845AE4321920A34C00CE4856 /* JSQMessagesLoadEarlierHeaderView.xib */; };
		845AE4691920A34C00CE4856 /* JSQMessagesToolbarContentView.m in Sources */ = {isa = PBXBuildFile; fileRef = 845AE4341920A34C00CE4856 /* JSQMessagesToolbarContentView.m */; };
		845AE46A1920A34C00CE4856 /* JSQMessagesToolbarContentView.xib in Resources */ = {isa = PBXBuildFile; fileRef = 845AE4351920A34C00CE4856 /* JSQMessagesToolbarContentView.xib */; };
		845AE46B1920A34C00CE4856 /* JSQMessagesTypingIndicatorFooterView.m in Sources */ = {isa = PBXBuildFile; fileRef = 845AE4371920A34C00CE4856 /* JSQMessagesTypingIndicatorFooterView.m */; };
		845AE46C1920A34C00CE4856 /* JSQMessagesTypingIndicatorFooterView.xib in Resources */ = {isa = PBXBuildFile; fileRef = 845AE4381920A34C00CE4856 /* JSQMessagesTypingIndicatorFooterView.xib */; };
		845AE46D1920A34C00CE4856 /* JSQSystemSoundPlayer.m in Sources */ = {isa = PBXBuildFile; fileRef = 845AE43C1920A34C00CE4856 /* JSQSystemSoundPlayer.m */; };
		845AE4711920A7EE00CE4856 /* LNBrowserViewController.m in Sources */ = {isa = PBXBuildFile; fileRef = 845AE4701920A7EE00CE4856 /* LNBrowserViewController.m */; };
		84BB744719220E7200D0BC05 /* anonymous.png in Resources */ = {isa = PBXBuildFile; fileRef = 84BB744619220E7200D0BC05 /* anonymous.png */; };
		84BB744A1922196400D0BC05 /* FirstViewController.m in Sources */ = {isa = PBXBuildFile; fileRef = 84BB74491922196400D0BC05 /* FirstViewController.m */; };
/* End PBXBuildFile section */

/* Begin PBXContainerItemProxy section */
		4172E49D191A6FCF003875D8 /* PBXContainerItemProxy */ = {
			isa = PBXContainerItemProxy;
			containerPortal = 4172E46C191A6FCF003875D8 /* Project object */;
			proxyType = 1;
			remoteGlobalIDString = 4172E473191A6FCF003875D8;
			remoteInfo = MCDemo;
		};
/* End PBXContainerItemProxy section */

/* Begin PBXFileReference section */
		4172E474191A6FCF003875D8 /* MCDemo.app */ = {isa = PBXFileReference; explicitFileType = wrapper.application; includeInIndex = 0; path = MCDemo.app; sourceTree = BUILT_PRODUCTS_DIR; };
		4172E477191A6FCF003875D8 /* Foundation.framework */ = {isa = PBXFileReference; lastKnownFileType = wrapper.framework; name = Foundation.framework; path = System/Library/Frameworks/Foundation.framework; sourceTree = SDKROOT; };
		4172E479191A6FCF003875D8 /* CoreGraphics.framework */ = {isa = PBXFileReference; lastKnownFileType = wrapper.framework; name = CoreGraphics.framework; path = System/Library/Frameworks/CoreGraphics.framework; sourceTree = SDKROOT; };
		4172E47B191A6FCF003875D8 /* UIKit.framework */ = {isa = PBXFileReference; lastKnownFileType = wrapper.framework; name = UIKit.framework; path = System/Library/Frameworks/UIKit.framework; sourceTree = SDKROOT; };
		4172E47F191A6FCF003875D8 /* MCDemo-Info.plist */ = {isa = PBXFileReference; lastKnownFileType = text.plist.xml; path = "MCDemo-Info.plist"; sourceTree = "<group>"; };
		4172E481191A6FCF003875D8 /* en */ = {isa = PBXFileReference; lastKnownFileType = text.plist.strings; name = en; path = en.lproj/InfoPlist.strings; sourceTree = "<group>"; };
		4172E483191A6FCF003875D8 /* main.m */ = {isa = PBXFileReference; lastKnownFileType = sourcecode.c.objc; path = main.m; sourceTree = "<group>"; };
		4172E485191A6FCF003875D8 /* MCDemo-Prefix.pch */ = {isa = PBXFileReference; lastKnownFileType = sourcecode.c.h; path = "MCDemo-Prefix.pch"; sourceTree = "<group>"; };
		4172E486191A6FCF003875D8 /* AppDelegate.h */ = {isa = PBXFileReference; lastKnownFileType = sourcecode.c.h; path = AppDelegate.h; sourceTree = "<group>"; };
		4172E487191A6FCF003875D8 /* AppDelegate.m */ = {isa = PBXFileReference; lastKnownFileType = sourcecode.c.objc; path = AppDelegate.m; sourceTree = "<group>"; };
		4172E48A191A6FCF003875D8 /* Base */ = {isa = PBXFileReference; lastKnownFileType = file.storyboard; name = Base; path = Base.lproj/Main.storyboard; sourceTree = "<group>"; };
		4172E48C191A6FCF003875D8 /* MCMessagesViewController.h */ = {isa = PBXFileReference; lastKnownFileType = sourcecode.c.h; path = MCMessagesViewController.h; sourceTree = "<group>"; };
		4172E48D191A6FCF003875D8 /* MCMessagesViewController.m */ = {isa = PBXFileReference; lastKnownFileType = sourcecode.c.objc; path = MCMessagesViewController.m; sourceTree = "<group>"; };
		4172E48F191A6FCF003875D8 /* SecondViewController.h */ = {isa = PBXFileReference; lastKnownFileType = sourcecode.c.h; path = SecondViewController.h; sourceTree = "<group>"; };
		4172E490191A6FCF003875D8 /* SecondViewController.m */ = {isa = PBXFileReference; lastKnownFileType = sourcecode.c.objc; path = SecondViewController.m; sourceTree = "<group>"; };
		4172E492191A6FCF003875D8 /* Images.xcassets */ = {isa = PBXFileReference; lastKnownFileType = folder.assetcatalog; path = Images.xcassets; sourceTree = "<group>"; };
		4172E498191A6FCF003875D8 /* MCDemoTests.xctest */ = {isa = PBXFileReference; explicitFileType = wrapper.cfbundle; includeInIndex = 0; path = MCDemoTests.xctest; sourceTree = BUILT_PRODUCTS_DIR; };
		4172E499191A6FCF003875D8 /* XCTest.framework */ = {isa = PBXFileReference; lastKnownFileType = wrapper.framework; name = XCTest.framework; path = Library/Frameworks/XCTest.framework; sourceTree = DEVELOPER_DIR; };
		4172E4A1191A6FCF003875D8 /* MCDemoTests-Info.plist */ = {isa = PBXFileReference; lastKnownFileType = text.plist.xml; path = "MCDemoTests-Info.plist"; sourceTree = "<group>"; };
		4172E4A3191A6FCF003875D8 /* en */ = {isa = PBXFileReference; lastKnownFileType = text.plist.strings; name = en; path = en.lproj/InfoPlist.strings; sourceTree = "<group>"; };
		4172E4A5191A6FCF003875D8 /* MCDemoTests.m */ = {isa = PBXFileReference; lastKnownFileType = sourcecode.c.objc; path = MCDemoTests.m; sourceTree = "<group>"; };
		4172E4AF191A701C003875D8 /* ConnectionsViewController.h */ = {isa = PBXFileReference; fileEncoding = 4; lastKnownFileType = sourcecode.c.h; path = ConnectionsViewController.h; sourceTree = "<group>"; };
		4172E4B0191A701C003875D8 /* ConnectionsViewController.m */ = {isa = PBXFileReference; fileEncoding = 4; lastKnownFileType = sourcecode.c.objc; path = ConnectionsViewController.m; sourceTree = "<group>"; };
		4172E4B2191A7236003875D8 /* MCChatSession.h */ = {isa = PBXFileReference; fileEncoding = 4; lastKnownFileType = sourcecode.c.h; path = MCChatSession.h; sourceTree = "<group>"; };
		4172E4B3191A7236003875D8 /* MCChatSession.m */ = {isa = PBXFileReference; fileEncoding = 4; lastKnownFileType = sourcecode.c.objc; path = MCChatSession.m; sourceTree = "<group>"; };
		4172E4B5191A7DB5003875D8 /* Default-568h@2x.png */ = {isa = PBXFileReference; lastKnownFileType = image.png; path = "Default-568h@2x.png"; sourceTree = "<group>"; };
		4172E4B6191BDAF5003875D8 /* sample_file1.txt */ = {isa = PBXFileReference; fileEncoding = 4; lastKnownFileType = text; path = sample_file1.txt; sourceTree = "<group>"; };
		4172E4B8191BDAFA003875D8 /* sample_file2.txt */ = {isa = PBXFileReference; fileEncoding = 4; lastKnownFileType = text; path = sample_file2.txt; sourceTree = "<group>"; };
		845AE3E81920A34C00CE4856 /* bubble.png */ = {isa = PBXFileReference; lastKnownFileType = image.png; path = bubble.png; sourceTree = "<group>"; };
		845AE3E91920A34C00CE4856 /* bubble@2x.png */ = {isa = PBXFileReference; lastKnownFileType = image.png; path = "bubble@2x.png"; sourceTree = "<group>"; };
		845AE3EA1920A34C00CE4856 /* bubble_min.png */ = {isa = PBXFileReference; lastKnownFileType = image.png; path = bubble_min.png; sourceTree = "<group>"; };
		845AE3EB1920A34C00CE4856 /* bubble_min@2x.png */ = {isa = PBXFileReference; lastKnownFileType = image.png; path = "bubble_min@2x.png"; sourceTree = "<group>"; };
		845AE3EC1920A34C00CE4856 /* bubble_min_tailless.png */ = {isa = PBXFileReference; lastKnownFileType = image.png; path = bubble_min_tailless.png; sourceTree = "<group>"; };
		845AE3ED1920A34C00CE4856 /* bubble_min_tailless@2x.png */ = {isa = PBXFileReference; lastKnownFileType = image.png; path = "bubble_min_tailless@2x.png"; sourceTree = "<group>"; };
		845AE3EE1920A34C00CE4856 /* bubble_stroked.png */ = {isa = PBXFileReference; lastKnownFileType = image.png; path = bubble_stroked.png; sourceTree = "<group>"; };
		845AE3EF1920A34C00CE4856 /* bubble_stroked@2x.png */ = {isa = PBXFileReference; lastKnownFileType = image.png; path = "bubble_stroked@2x.png"; sourceTree = "<group>"; };
		845AE3F01920A34C00CE4856 /* bubble_stroked_tailless.png */ = {isa = PBXFileReference; lastKnownFileType = image.png; path = bubble_stroked_tailless.png; sourceTree = "<group>"; };
		845AE3F11920A34C00CE4856 /* bubble_stroked_tailless@2x.png */ = {isa = PBXFileReference; lastKnownFileType = image.png; path = "bubble_stroked_tailless@2x.png"; sourceTree = "<group>"; };
		845AE3F21920A34C00CE4856 /* bubble_tailless.png */ = {isa = PBXFileReference; lastKnownFileType = image.png; path = bubble_tailless.png; sourceTree = "<group>"; };
		845AE3F31920A34C00CE4856 /* bubble_tailless@2x.png */ = {isa = PBXFileReference; lastKnownFileType = image.png; path = "bubble_tailless@2x.png"; sourceTree = "<group>"; };
		845AE3F41920A34C00CE4856 /* camera.png */ = {isa = PBXFileReference; lastKnownFileType = image.png; path = camera.png; sourceTree = "<group>"; };
		845AE3F51920A34C00CE4856 /* camera@2x.png */ = {isa = PBXFileReference; lastKnownFileType = image.png; path = "camera@2x.png"; sourceTree = "<group>"; };
		845AE3F61920A34C00CE4856 /* typing.png */ = {isa = PBXFileReference; lastKnownFileType = image.png; path = typing.png; sourceTree = "<group>"; };
		845AE3F71920A34C00CE4856 /* typing@2x.png */ = {isa = PBXFileReference; lastKnownFileType = image.png; path = "typing@2x.png"; sourceTree = "<group>"; };
		845AE3F91920A34C00CE4856 /* message_received.aiff */ = {isa = PBXFileReference; lastKnownFileType = audio.aiff; path = message_received.aiff; sourceTree = "<group>"; };
		845AE3FA1920A34C00CE4856 /* message_sent.aiff */ = {isa = PBXFileReference; lastKnownFileType = audio.aiff; path = message_sent.aiff; sourceTree = "<group>"; };
		845AE3FC1920A34C00CE4856 /* JSQSystemSoundPlayer+JSQMessages.h */ = {isa = PBXFileReference; fileEncoding = 4; lastKnownFileType = sourcecode.c.h; path = "JSQSystemSoundPlayer+JSQMessages.h"; sourceTree = "<group>"; };
		845AE3FD1920A34C00CE4856 /* JSQSystemSoundPlayer+JSQMessages.m */ = {isa = PBXFileReference; fileEncoding = 4; lastKnownFileType = sourcecode.c.objc; path = "JSQSystemSoundPlayer+JSQMessages.m"; sourceTree = "<group>"; };
		845AE3FE1920A34C00CE4856 /* NSString+JSQMessages.h */ = {isa = PBXFileReference; fileEncoding = 4; lastKnownFileType = sourcecode.c.h; path = "NSString+JSQMessages.h"; sourceTree = "<group>"; };
		845AE3FF1920A34C00CE4856 /* NSString+JSQMessages.m */ = {isa = PBXFileReference; fileEncoding = 4; lastKnownFileType = sourcecode.c.objc; path = "NSString+JSQMessages.m"; sourceTree = "<group>"; };
		845AE4001920A34C00CE4856 /* UIColor+JSQMessages.h */ = {isa = PBXFileReference; fileEncoding = 4; lastKnownFileType = sourcecode.c.h; path = "UIColor+JSQMessages.h"; sourceTree = "<group>"; };
		845AE4011920A34C00CE4856 /* UIColor+JSQMessages.m */ = {isa = PBXFileReference; fileEncoding = 4; lastKnownFileType = sourcecode.c.objc; path = "UIColor+JSQMessages.m"; sourceTree = "<group>"; };
		845AE4021920A34C00CE4856 /* UIImage+JSQMessages.h */ = {isa = PBXFileReference; fileEncoding = 4; lastKnownFileType = sourcecode.c.h; path = "UIImage+JSQMessages.h"; sourceTree = "<group>"; };
		845AE4031920A34C00CE4856 /* UIImage+JSQMessages.m */ = {isa = PBXFileReference; fileEncoding = 4; lastKnownFileType = sourcecode.c.objc; path = "UIImage+JSQMessages.m"; sourceTree = "<group>"; };
		845AE4041920A34C00CE4856 /* UIView+JSQMessages.h */ = {isa = PBXFileReference; fileEncoding = 4; lastKnownFileType = sourcecode.c.h; path = "UIView+JSQMessages.h"; sourceTree = "<group>"; };
		845AE4051920A34C00CE4856 /* UIView+JSQMessages.m */ = {isa = PBXFileReference; fileEncoding = 4; lastKnownFileType = sourcecode.c.objc; path = "UIView+JSQMessages.m"; sourceTree = "<group>"; };
		845AE4071920A34C00CE4856 /* JSQMessagesKeyboardController.h */ = {isa = PBXFileReference; fileEncoding = 4; lastKnownFileType = sourcecode.c.h; path = JSQMessagesKeyboardController.h; sourceTree = "<group>"; };
		845AE4081920A34C00CE4856 /* JSQMessagesKeyboardController.m */ = {isa = PBXFileReference; fileEncoding = 4; lastKnownFileType = sourcecode.c.objc; path = JSQMessagesKeyboardController.m; sourceTree = "<group>"; };
		845AE4091920A34C00CE4856 /* JSQMessagesViewController.h */ = {isa = PBXFileReference; fileEncoding = 4; lastKnownFileType = sourcecode.c.h; path = JSQMessagesViewController.h; sourceTree = "<group>"; };
		845AE40A1920A34C00CE4856 /* JSQMessagesViewController.m */ = {isa = PBXFileReference; fileEncoding = 4; lastKnownFileType = sourcecode.c.objc; path = JSQMessagesViewController.m; sourceTree = "<group>"; };
		845AE40B1920A34C00CE4856 /* JSQMessagesViewController.xib */ = {isa = PBXFileReference; fileEncoding = 4; lastKnownFileType = file.xib; path = JSQMessagesViewController.xib; sourceTree = "<group>"; };
		845AE40D1920A34C00CE4856 /* JSQMessagesAvatarFactory.h */ = {isa = PBXFileReference; fileEncoding = 4; lastKnownFileType = sourcecode.c.h; path = JSQMessagesAvatarFactory.h; sourceTree = "<group>"; };
		845AE40E1920A34C00CE4856 /* JSQMessagesAvatarFactory.m */ = {isa = PBXFileReference; fileEncoding = 4; lastKnownFileType = sourcecode.c.objc; path = JSQMessagesAvatarFactory.m; sourceTree = "<group>"; };
		845AE40F1920A34C00CE4856 /* JSQMessagesBubbleImageFactory.h */ = {isa = PBXFileReference; fileEncoding = 4; lastKnownFileType = sourcecode.c.h; path = JSQMessagesBubbleImageFactory.h; sourceTree = "<group>"; };
		845AE4101920A34C00CE4856 /* JSQMessagesBubbleImageFactory.m */ = {isa = PBXFileReference; fileEncoding = 4; lastKnownFileType = sourcecode.c.objc; path = JSQMessagesBubbleImageFactory.m; sourceTree = "<group>"; };
		845AE4111920A34C00CE4856 /* JSQMessagesTimestampFormatter.h */ = {isa = PBXFileReference; fileEncoding = 4; lastKnownFileType = sourcecode.c.h; path = JSQMessagesTimestampFormatter.h; sourceTree = "<group>"; };
		845AE4121920A34C00CE4856 /* JSQMessagesTimestampFormatter.m */ = {isa = PBXFileReference; fileEncoding = 4; lastKnownFileType = sourcecode.c.objc; path = JSQMessagesTimestampFormatter.m; sourceTree = "<group>"; };
		845AE4131920A34C00CE4856 /* JSQMessagesToolbarButtonFactory.h */ = {isa = PBXFileReference; fileEncoding = 4; lastKnownFileType = sourcecode.c.h; path = JSQMessagesToolbarButtonFactory.h; sourceTree = "<group>"; };
		845AE4141920A34C00CE4856 /* JSQMessagesToolbarButtonFactory.m */ = {isa = PBXFileReference; fileEncoding = 4; lastKnownFileType = sourcecode.c.objc; path = JSQMessagesToolbarButtonFactory.m; sourceTree = "<group>"; };
		845AE4151920A34C00CE4856 /* JSQMessages.h */ = {isa = PBXFileReference; fileEncoding = 4; lastKnownFileType = sourcecode.c.h; path = JSQMessages.h; sourceTree = "<group>"; };
		845AE4171920A34C00CE4856 /* JSQMessagesCollectionViewFlowLayout.h */ = {isa = PBXFileReference; fileEncoding = 4; lastKnownFileType = sourcecode.c.h; path = JSQMessagesCollectionViewFlowLayout.h; sourceTree = "<group>"; };
		845AE4181920A34C00CE4856 /* JSQMessagesCollectionViewFlowLayout.m */ = {isa = PBXFileReference; fileEncoding = 4; lastKnownFileType = sourcecode.c.objc; path = JSQMessagesCollectionViewFlowLayout.m; sourceTree = "<group>"; };
		845AE4191920A34C00CE4856 /* JSQMessagesCollectionViewLayoutAttributes.h */ = {isa = PBXFileReference; fileEncoding = 4; lastKnownFileType = sourcecode.c.h; path = JSQMessagesCollectionViewLayoutAttributes.h; sourceTree = "<group>"; };
		845AE41A1920A34C00CE4856 /* JSQMessagesCollectionViewLayoutAttributes.m */ = {isa = PBXFileReference; fileEncoding = 4; lastKnownFileType = sourcecode.c.objc; path = JSQMessagesCollectionViewLayoutAttributes.m; sourceTree = "<group>"; };
		845AE41C1920A34C00CE4856 /* JSQMessage.h */ = {isa = PBXFileReference; fileEncoding = 4; lastKnownFileType = sourcecode.c.h; path = JSQMessage.h; sourceTree = "<group>"; };
		845AE41D1920A34C00CE4856 /* JSQMessage.m */ = {isa = PBXFileReference; fileEncoding = 4; lastKnownFileType = sourcecode.c.objc; path = JSQMessage.m; sourceTree = "<group>"; };
		845AE41E1920A34C00CE4856 /* JSQMessageData.h */ = {isa = PBXFileReference; fileEncoding = 4; lastKnownFileType = sourcecode.c.h; path = JSQMessageData.h; sourceTree = "<group>"; };
		845AE4201920A34C00CE4856 /* JSQMessagesCollectionView.h */ = {isa = PBXFileReference; fileEncoding = 4; lastKnownFileType = sourcecode.c.h; path = JSQMessagesCollectionView.h; sourceTree = "<group>"; };
		845AE4211920A34C00CE4856 /* JSQMessagesCollectionView.m */ = {isa = PBXFileReference; fileEncoding = 4; lastKnownFileType = sourcecode.c.objc; path = JSQMessagesCollectionView.m; sourceTree = "<group>"; };
		845AE4221920A34C00CE4856 /* JSQMessagesCollectionViewCell.h */ = {isa = PBXFileReference; fileEncoding = 4; lastKnownFileType = sourcecode.c.h; path = JSQMessagesCollectionViewCell.h; sourceTree = "<group>"; };
		845AE4231920A34C00CE4856 /* JSQMessagesCollectionViewCell.m */ = {isa = PBXFileReference; fileEncoding = 4; lastKnownFileType = sourcecode.c.objc; path = JSQMessagesCollectionViewCell.m; sourceTree = "<group>"; };
		845AE4241920A34C00CE4856 /* JSQMessagesCollectionViewCellIncoming.h */ = {isa = PBXFileReference; fileEncoding = 4; lastKnownFileType = sourcecode.c.h; path = JSQMessagesCollectionViewCellIncoming.h; sourceTree = "<group>"; };
		845AE4251920A34C00CE4856 /* JSQMessagesCollectionViewCellIncoming.m */ = {isa = PBXFileReference; fileEncoding = 4; lastKnownFileType = sourcecode.c.objc; path = JSQMessagesCollectionViewCellIncoming.m; sourceTree = "<group>"; };
		845AE4261920A34C00CE4856 /* JSQMessagesCollectionViewCellIncoming.xib */ = {isa = PBXFileReference; fileEncoding = 4; lastKnownFileType = file.xib; path = JSQMessagesCollectionViewCellIncoming.xib; sourceTree = "<group>"; };
		845AE4271920A34C00CE4856 /* JSQMessagesCollectionViewCellOutgoing.h */ = {isa = PBXFileReference; fileEncoding = 4; lastKnownFileType = sourcecode.c.h; path = JSQMessagesCollectionViewCellOutgoing.h; sourceTree = "<group>"; };
		845AE4281920A34C00CE4856 /* JSQMessagesCollectionViewCellOutgoing.m */ = {isa = PBXFileReference; fileEncoding = 4; lastKnownFileType = sourcecode.c.objc; path = JSQMessagesCollectionViewCellOutgoing.m; sourceTree = "<group>"; };
		845AE4291920A34C00CE4856 /* JSQMessagesCollectionViewCellOutgoing.xib */ = {isa = PBXFileReference; fileEncoding = 4; lastKnownFileType = file.xib; path = JSQMessagesCollectionViewCellOutgoing.xib; sourceTree = "<group>"; };
		845AE42A1920A34C00CE4856 /* JSQMessagesComposerTextView.h */ = {isa = PBXFileReference; fileEncoding = 4; lastKnownFileType = sourcecode.c.h; path = JSQMessagesComposerTextView.h; sourceTree = "<group>"; };
		845AE42B1920A34C00CE4856 /* JSQMessagesComposerTextView.m */ = {isa = PBXFileReference; fileEncoding = 4; lastKnownFileType = sourcecode.c.objc; path = JSQMessagesComposerTextView.m; sourceTree = "<group>"; };
		845AE42C1920A34C00CE4856 /* JSQMessagesInputToolbar.h */ = {isa = PBXFileReference; fileEncoding = 4; lastKnownFileType = sourcecode.c.h; path = JSQMessagesInputToolbar.h; sourceTree = "<group>"; };
		845AE42D1920A34C00CE4856 /* JSQMessagesInputToolbar.m */ = {isa = PBXFileReference; fileEncoding = 4; lastKnownFileType = sourcecode.c.objc; path = JSQMessagesInputToolbar.m; sourceTree = "<group>"; };
		845AE42E1920A34C00CE4856 /* JSQMessagesLabel.h */ = {isa = PBXFileReference; fileEncoding = 4; lastKnownFileType = sourcecode.c.h; path = JSQMessagesLabel.h; sourceTree = "<group>"; };
		845AE42F1920A34C00CE4856 /* JSQMessagesLabel.m */ = {isa = PBXFileReference; fileEncoding = 4; lastKnownFileType = sourcecode.c.objc; path = JSQMessagesLabel.m; sourceTree = "<group>"; };
		845AE4301920A34C00CE4856 /* JSQMessagesLoadEarlierHeaderView.h */ = {isa = PBXFileReference; fileEncoding = 4; lastKnownFileType = sourcecode.c.h; path = JSQMessagesLoadEarlierHeaderView.h; sourceTree = "<group>"; };
		845AE4311920A34C00CE4856 /* JSQMessagesLoadEarlierHeaderView.m */ = {isa = PBXFileReference; fileEncoding = 4; lastKnownFileType = sourcecode.c.objc; path = JSQMessagesLoadEarlierHeaderView.m; sourceTree = "<group>"; };
		845AE4321920A34C00CE4856 /* JSQMessagesLoadEarlierHeaderView.xib */ = {isa = PBXFileReference; fileEncoding = 4; lastKnownFileType = file.xib; path = JSQMessagesLoadEarlierHeaderView.xib; sourceTree = "<group>"; };
		845AE4331920A34C00CE4856 /* JSQMessagesToolbarContentView.h */ = {isa = PBXFileReference; fileEncoding = 4; lastKnownFileType = sourcecode.c.h; path = JSQMessagesToolbarContentView.h; sourceTree = "<group>"; };
		845AE4341920A34C00CE4856 /* JSQMessagesToolbarContentView.m */ = {isa = PBXFileReference; fileEncoding = 4; lastKnownFileType = sourcecode.c.objc; path = JSQMessagesToolbarContentView.m; sourceTree = "<group>"; };
		845AE4351920A34C00CE4856 /* JSQMessagesToolbarContentView.xib */ = {isa = PBXFileReference; fileEncoding = 4; lastKnownFileType = file.xib; path = JSQMessagesToolbarContentView.xib; sourceTree = "<group>"; };
		845AE4361920A34C00CE4856 /* JSQMessagesTypingIndicatorFooterView.h */ = {isa = PBXFileReference; fileEncoding = 4; lastKnownFileType = sourcecode.c.h; path = JSQMessagesTypingIndicatorFooterView.h; sourceTree = "<group>"; };
		845AE4371920A34C00CE4856 /* JSQMessagesTypingIndicatorFooterView.m */ = {isa = PBXFileReference; fileEncoding = 4; lastKnownFileType = sourcecode.c.objc; path = JSQMessagesTypingIndicatorFooterView.m; sourceTree = "<group>"; };
		845AE4381920A34C00CE4856 /* JSQMessagesTypingIndicatorFooterView.xib */ = {isa = PBXFileReference; fileEncoding = 4; lastKnownFileType = file.xib; path = JSQMessagesTypingIndicatorFooterView.xib; sourceTree = "<group>"; };
		845AE43B1920A34C00CE4856 /* JSQSystemSoundPlayer.h */ = {isa = PBXFileReference; fileEncoding = 4; lastKnownFileType = sourcecode.c.h; path = JSQSystemSoundPlayer.h; sourceTree = "<group>"; };
		845AE43C1920A34C00CE4856 /* JSQSystemSoundPlayer.m */ = {isa = PBXFileReference; fileEncoding = 4; lastKnownFileType = sourcecode.c.objc; path = JSQSystemSoundPlayer.m; sourceTree = "<group>"; };
		845AE46F1920A7EE00CE4856 /* LNBrowserViewController.h */ = {isa = PBXFileReference; fileEncoding = 4; lastKnownFileType = sourcecode.c.h; path = LNBrowserViewController.h; sourceTree = "<group>"; };
		845AE4701920A7EE00CE4856 /* LNBrowserViewController.m */ = {isa = PBXFileReference; fileEncoding = 4; lastKnownFileType = sourcecode.c.objc; path = LNBrowserViewController.m; sourceTree = "<group>"; };
		84BB744619220E7200D0BC05 /* anonymous.png */ = {isa = PBXFileReference; lastKnownFileType = image.png; path = anonymous.png; sourceTree = "<group>"; };
		84BB74481922196400D0BC05 /* FirstViewController.h */ = {isa = PBXFileReference; fileEncoding = 4; lastKnownFileType = sourcecode.c.h; path = FirstViewController.h; sourceTree = "<group>"; };
		84BB74491922196400D0BC05 /* FirstViewController.m */ = {isa = PBXFileReference; fileEncoding = 4; lastKnownFileType = sourcecode.c.objc; path = FirstViewController.m; sourceTree = "<group>"; };
/* End PBXFileReference section */

/* Begin PBXFrameworksBuildPhase section */
		4172E471191A6FCF003875D8 /* Frameworks */ = {
			isa = PBXFrameworksBuildPhase;
			buildActionMask = 2147483647;
			files = (
				4172E47A191A6FCF003875D8 /* CoreGraphics.framework in Frameworks */,
				4172E47C191A6FCF003875D8 /* UIKit.framework in Frameworks */,
				4172E478191A6FCF003875D8 /* Foundation.framework in Frameworks */,
			);
			runOnlyForDeploymentPostprocessing = 0;
		};
		4172E495191A6FCF003875D8 /* Frameworks */ = {
			isa = PBXFrameworksBuildPhase;
			buildActionMask = 2147483647;
			files = (
				4172E49A191A6FCF003875D8 /* XCTest.framework in Frameworks */,
				4172E49C191A6FCF003875D8 /* UIKit.framework in Frameworks */,
				4172E49B191A6FCF003875D8 /* Foundation.framework in Frameworks */,
			);
			runOnlyForDeploymentPostprocessing = 0;
		};
/* End PBXFrameworksBuildPhase section */

/* Begin PBXGroup section */
		4172E46B191A6FCF003875D8 = {
			isa = PBXGroup;
			children = (
				4172E4B5191A7DB5003875D8 /* Default-568h@2x.png */,
				4172E47D191A6FCF003875D8 /* MCDemo */,
				4172E49F191A6FCF003875D8 /* MCDemoTests */,
				4172E476191A6FCF003875D8 /* Frameworks */,
				4172E475191A6FCF003875D8 /* Products */,
			);
			sourceTree = "<group>";
		};
		4172E475191A6FCF003875D8 /* Products */ = {
			isa = PBXGroup;
			children = (
				4172E474191A6FCF003875D8 /* MCDemo.app */,
				4172E498191A6FCF003875D8 /* MCDemoTests.xctest */,
			);
			name = Products;
			sourceTree = "<group>";
		};
		4172E476191A6FCF003875D8 /* Frameworks */ = {
			isa = PBXGroup;
			children = (
				4172E477191A6FCF003875D8 /* Foundation.framework */,
				4172E479191A6FCF003875D8 /* CoreGraphics.framework */,
				4172E47B191A6FCF003875D8 /* UIKit.framework */,
				4172E499191A6FCF003875D8 /* XCTest.framework */,
			);
			name = Frameworks;
			sourceTree = "<group>";
		};
		4172E47D191A6FCF003875D8 /* MCDemo */ = {
			isa = PBXGroup;
			children = (
				84BB744519220E6500D0BC05 /* Assets */,
				845AE3E41920A32E00CE4856 /* LIBRARIES */,
				4172E4B8191BDAFA003875D8 /* sample_file2.txt */,
				4172E4B6191BDAF5003875D8 /* sample_file1.txt */,
				4172E486191A6FCF003875D8 /* AppDelegate.h */,
				4172E487191A6FCF003875D8 /* AppDelegate.m */,
				4172E489191A6FCF003875D8 /* Main.storyboard */,
				4172E48C191A6FCF003875D8 /* MCMessagesViewController.h */,
				4172E48D191A6FCF003875D8 /* MCMessagesViewController.m */,
				4172E48F191A6FCF003875D8 /* SecondViewController.h */,
				4172E490191A6FCF003875D8 /* SecondViewController.m */,
				4172E492191A6FCF003875D8 /* Images.xcassets */,
				4172E47E191A6FCF003875D8 /* Supporting Files */,
				845AE46E1920A75800CE4856 /* ConnectPeer */,
				4172E4B2191A7236003875D8 /* MCChatSession.h */,
				4172E4B3191A7236003875D8 /* MCChatSession.m */,
				84BB74481922196400D0BC05 /* FirstViewController.h */,
				84BB74491922196400D0BC05 /* FirstViewController.m */,
			);
			path = MCDemo;
			sourceTree = "<group>";
		};
		4172E47E191A6FCF003875D8 /* Supporting Files */ = {
			isa = PBXGroup;
			children = (
				4172E47F191A6FCF003875D8 /* MCDemo-Info.plist */,
				4172E480191A6FCF003875D8 /* InfoPlist.strings */,
				4172E483191A6FCF003875D8 /* main.m */,
				4172E485191A6FCF003875D8 /* MCDemo-Prefix.pch */,
			);
			name = "Supporting Files";
			sourceTree = "<group>";
		};
		4172E49F191A6FCF003875D8 /* MCDemoTests */ = {
			isa = PBXGroup;
			children = (
				4172E4A5191A6FCF003875D8 /* MCDemoTests.m */,
				4172E4A0191A6FCF003875D8 /* Supporting Files */,
			);
			path = MCDemoTests;
			sourceTree = "<group>";
		};
		4172E4A0191A6FCF003875D8 /* Supporting Files */ = {
			isa = PBXGroup;
			children = (
				4172E4A1191A6FCF003875D8 /* MCDemoTests-Info.plist */,
				4172E4A2191A6FCF003875D8 /* InfoPlist.strings */,
			);
			name = "Supporting Files";
			sourceTree = "<group>";
		};
		845AE3E41920A32E00CE4856 /* LIBRARIES */ = {
			isa = PBXGroup;
			children = (
				845AE3E51920A34C00CE4856 /* JSQMessagesViewController */,
				845AE4391920A34C00CE4856 /* JSQSystemSoundPlayer */,
			);
			path = LIBRARIES;
			sourceTree = "<group>";
		};
		845AE3E51920A34C00CE4856 /* JSQMessagesViewController */ = {
			isa = PBXGroup;
			children = (
				845AE3E61920A34C00CE4856 /* Assets */,
				845AE3FB1920A34C00CE4856 /* Categories */,
				845AE4061920A34C00CE4856 /* Controllers */,
				845AE40C1920A34C00CE4856 /* Factories */,
				845AE4151920A34C00CE4856 /* JSQMessages.h */,
				845AE4161920A34C00CE4856 /* Layout */,
				845AE41B1920A34C00CE4856 /* Model */,
				845AE41F1920A34C00CE4856 /* Views */,
			);
			path = JSQMessagesViewController;
			sourceTree = "<group>";
		};
		845AE3E61920A34C00CE4856 /* Assets */ = {
			isa = PBXGroup;
			children = (
				845AE3E71920A34C00CE4856 /* Images */,
				845AE3F81920A34C00CE4856 /* Sounds */,
			);
			path = Assets;
			sourceTree = "<group>";
		};
		845AE3E71920A34C00CE4856 /* Images */ = {
			isa = PBXGroup;
			children = (
				845AE3E81920A34C00CE4856 /* bubble.png */,
				845AE3E91920A34C00CE4856 /* bubble@2x.png */,
				845AE3EA1920A34C00CE4856 /* bubble_min.png */,
				845AE3EB1920A34C00CE4856 /* bubble_min@2x.png */,
				845AE3EC1920A34C00CE4856 /* bubble_min_tailless.png */,
				845AE3ED1920A34C00CE4856 /* bubble_min_tailless@2x.png */,
				845AE3EE1920A34C00CE4856 /* bubble_stroked.png */,
				845AE3EF1920A34C00CE4856 /* bubble_stroked@2x.png */,
				845AE3F01920A34C00CE4856 /* bubble_stroked_tailless.png */,
				845AE3F11920A34C00CE4856 /* bubble_stroked_tailless@2x.png */,
				845AE3F21920A34C00CE4856 /* bubble_tailless.png */,
				845AE3F31920A34C00CE4856 /* bubble_tailless@2x.png */,
				845AE3F41920A34C00CE4856 /* camera.png */,
				845AE3F51920A34C00CE4856 /* camera@2x.png */,
				845AE3F61920A34C00CE4856 /* typing.png */,
				845AE3F71920A34C00CE4856 /* typing@2x.png */,
			);
			path = Images;
			sourceTree = "<group>";
		};
		845AE3F81920A34C00CE4856 /* Sounds */ = {
			isa = PBXGroup;
			children = (
				845AE3F91920A34C00CE4856 /* message_received.aiff */,
				845AE3FA1920A34C00CE4856 /* message_sent.aiff */,
			);
			path = Sounds;
			sourceTree = "<group>";
		};
		845AE3FB1920A34C00CE4856 /* Categories */ = {
			isa = PBXGroup;
			children = (
				845AE3FC1920A34C00CE4856 /* JSQSystemSoundPlayer+JSQMessages.h */,
				845AE3FD1920A34C00CE4856 /* JSQSystemSoundPlayer+JSQMessages.m */,
				845AE3FE1920A34C00CE4856 /* NSString+JSQMessages.h */,
				845AE3FF1920A34C00CE4856 /* NSString+JSQMessages.m */,
				845AE4001920A34C00CE4856 /* UIColor+JSQMessages.h */,
				845AE4011920A34C00CE4856 /* UIColor+JSQMessages.m */,
				845AE4021920A34C00CE4856 /* UIImage+JSQMessages.h */,
				845AE4031920A34C00CE4856 /* UIImage+JSQMessages.m */,
				845AE4041920A34C00CE4856 /* UIView+JSQMessages.h */,
				845AE4051920A34C00CE4856 /* UIView+JSQMessages.m */,
			);
			path = Categories;
			sourceTree = "<group>";
		};
		845AE4061920A34C00CE4856 /* Controllers */ = {
			isa = PBXGroup;
			children = (
				845AE4071920A34C00CE4856 /* JSQMessagesKeyboardController.h */,
				845AE4081920A34C00CE4856 /* JSQMessagesKeyboardController.m */,
				845AE4091920A34C00CE4856 /* JSQMessagesViewController.h */,
				845AE40A1920A34C00CE4856 /* JSQMessagesViewController.m */,
				845AE40B1920A34C00CE4856 /* JSQMessagesViewController.xib */,
			);
			path = Controllers;
			sourceTree = "<group>";
		};
		845AE40C1920A34C00CE4856 /* Factories */ = {
			isa = PBXGroup;
			children = (
				845AE40D1920A34C00CE4856 /* JSQMessagesAvatarFactory.h */,
				845AE40E1920A34C00CE4856 /* JSQMessagesAvatarFactory.m */,
				845AE40F1920A34C00CE4856 /* JSQMessagesBubbleImageFactory.h */,
				845AE4101920A34C00CE4856 /* JSQMessagesBubbleImageFactory.m */,
				845AE4111920A34C00CE4856 /* JSQMessagesTimestampFormatter.h */,
				845AE4121920A34C00CE4856 /* JSQMessagesTimestampFormatter.m */,
				845AE4131920A34C00CE4856 /* JSQMessagesToolbarButtonFactory.h */,
				845AE4141920A34C00CE4856 /* JSQMessagesToolbarButtonFactory.m */,
			);
			path = Factories;
			sourceTree = "<group>";
		};
		845AE4161920A34C00CE4856 /* Layout */ = {
			isa = PBXGroup;
			children = (
				845AE4171920A34C00CE4856 /* JSQMessagesCollectionViewFlowLayout.h */,
				845AE4181920A34C00CE4856 /* JSQMessagesCollectionViewFlowLayout.m */,
				845AE4191920A34C00CE4856 /* JSQMessagesCollectionViewLayoutAttributes.h */,
				845AE41A1920A34C00CE4856 /* JSQMessagesCollectionViewLayoutAttributes.m */,
			);
			path = Layout;
			sourceTree = "<group>";
		};
		845AE41B1920A34C00CE4856 /* Model */ = {
			isa = PBXGroup;
			children = (
				845AE41C1920A34C00CE4856 /* JSQMessage.h */,
				845AE41D1920A34C00CE4856 /* JSQMessage.m */,
				845AE41E1920A34C00CE4856 /* JSQMessageData.h */,
			);
			path = Model;
			sourceTree = "<group>";
		};
		845AE41F1920A34C00CE4856 /* Views */ = {
			isa = PBXGroup;
			children = (
				845AE4201920A34C00CE4856 /* JSQMessagesCollectionView.h */,
				845AE4211920A34C00CE4856 /* JSQMessagesCollectionView.m */,
				845AE4221920A34C00CE4856 /* JSQMessagesCollectionViewCell.h */,
				845AE4231920A34C00CE4856 /* JSQMessagesCollectionViewCell.m */,
				845AE4241920A34C00CE4856 /* JSQMessagesCollectionViewCellIncoming.h */,
				845AE4251920A34C00CE4856 /* JSQMessagesCollectionViewCellIncoming.m */,
				845AE4261920A34C00CE4856 /* JSQMessagesCollectionViewCellIncoming.xib */,
				845AE4271920A34C00CE4856 /* JSQMessagesCollectionViewCellOutgoing.h */,
				845AE4281920A34C00CE4856 /* JSQMessagesCollectionViewCellOutgoing.m */,
				845AE4291920A34C00CE4856 /* JSQMessagesCollectionViewCellOutgoing.xib */,
				845AE42A1920A34C00CE4856 /* JSQMessagesComposerTextView.h */,
				845AE42B1920A34C00CE4856 /* JSQMessagesComposerTextView.m */,
				845AE42C1920A34C00CE4856 /* JSQMessagesInputToolbar.h */,
				845AE42D1920A34C00CE4856 /* JSQMessagesInputToolbar.m */,
				845AE42E1920A34C00CE4856 /* JSQMessagesLabel.h */,
				845AE42F1920A34C00CE4856 /* JSQMessagesLabel.m */,
				845AE4301920A34C00CE4856 /* JSQMessagesLoadEarlierHeaderView.h */,
				845AE4311920A34C00CE4856 /* JSQMessagesLoadEarlierHeaderView.m */,
				845AE4321920A34C00CE4856 /* JSQMessagesLoadEarlierHeaderView.xib */,
				845AE4331920A34C00CE4856 /* JSQMessagesToolbarContentView.h */,
				845AE4341920A34C00CE4856 /* JSQMessagesToolbarContentView.m */,
				845AE4351920A34C00CE4856 /* JSQMessagesToolbarContentView.xib */,
				845AE4361920A34C00CE4856 /* JSQMessagesTypingIndicatorFooterView.h */,
				845AE4371920A34C00CE4856 /* JSQMessagesTypingIndicatorFooterView.m */,
				845AE4381920A34C00CE4856 /* JSQMessagesTypingIndicatorFooterView.xib */,
			);
			path = Views;
			sourceTree = "<group>";
		};
		845AE4391920A34C00CE4856 /* JSQSystemSoundPlayer */ = {
			isa = PBXGroup;
			children = (
				845AE43A1920A34C00CE4856 /* Classes */,
			);
			path = JSQSystemSoundPlayer;
			sourceTree = "<group>";
		};
		845AE43A1920A34C00CE4856 /* Classes */ = {
			isa = PBXGroup;
			children = (
				845AE43B1920A34C00CE4856 /* JSQSystemSoundPlayer.h */,
				845AE43C1920A34C00CE4856 /* JSQSystemSoundPlayer.m */,
			);
			path = Classes;
			sourceTree = "<group>";
		};
		845AE46E1920A75800CE4856 /* ConnectPeer */ = {
			isa = PBXGroup;
			children = (
				4172E4AF191A701C003875D8 /* ConnectionsViewController.h */,
				4172E4B0191A701C003875D8 /* ConnectionsViewController.m */,
				845AE46F1920A7EE00CE4856 /* LNBrowserViewController.h */,
				845AE4701920A7EE00CE4856 /* LNBrowserViewController.m */,
			);
			name = ConnectPeer;
			sourceTree = "<group>";
		};
		84BB744519220E6500D0BC05 /* Assets */ = {
			isa = PBXGroup;
			children = (
				84BB744619220E7200D0BC05 /* anonymous.png */,
			);
			path = Assets;
			sourceTree = "<group>";
		};
/* End PBXGroup section */

/* Begin PBXNativeTarget section */
		4172E473191A6FCF003875D8 /* MCDemo */ = {
			isa = PBXNativeTarget;
			buildConfigurationList = 4172E4A9191A6FCF003875D8 /* Build configuration list for PBXNativeTarget "MCDemo" */;
			buildPhases = (
				4172E470191A6FCF003875D8 /* Sources */,
				4172E471191A6FCF003875D8 /* Frameworks */,
				4172E472191A6FCF003875D8 /* Resources */,
			);
			buildRules = (
			);
			dependencies = (
			);
			name = MCDemo;
			productName = MCDemo;
			productReference = 4172E474191A6FCF003875D8 /* MCDemo.app */;
			productType = "com.apple.product-type.application";
		};
		4172E497191A6FCF003875D8 /* MCDemoTests */ = {
			isa = PBXNativeTarget;
			buildConfigurationList = 4172E4AC191A6FCF003875D8 /* Build configuration list for PBXNativeTarget "MCDemoTests" */;
			buildPhases = (
				4172E494191A6FCF003875D8 /* Sources */,
				4172E495191A6FCF003875D8 /* Frameworks */,
				4172E496191A6FCF003875D8 /* Resources */,
			);
			buildRules = (
			);
			dependencies = (
				4172E49E191A6FCF003875D8 /* PBXTargetDependency */,
			);
			name = MCDemoTests;
			productName = MCDemoTests;
			productReference = 4172E498191A6FCF003875D8 /* MCDemoTests.xctest */;
			productType = "com.apple.product-type.bundle.unit-test";
		};
/* End PBXNativeTarget section */

/* Begin PBXProject section */
		4172E46C191A6FCF003875D8 /* Project object */ = {
			isa = PBXProject;
			attributes = {
				LastUpgradeCheck = 0510;
				ORGANIZATIONNAME = "Home Inc";
				TargetAttributes = {
					4172E473191A6FCF003875D8 = {
						DevelopmentTeam = LCBDY3U9B4;
					};
					4172E497191A6FCF003875D8 = {
						TestTargetID = 4172E473191A6FCF003875D8;
					};
				};
			};
			buildConfigurationList = 4172E46F191A6FCF003875D8 /* Build configuration list for PBXProject "MCDemo" */;
			compatibilityVersion = "Xcode 3.2";
			developmentRegion = English;
			hasScannedForEncodings = 0;
			knownRegions = (
				en,
				Base,
			);
			mainGroup = 4172E46B191A6FCF003875D8;
			productRefGroup = 4172E475191A6FCF003875D8 /* Products */;
			projectDirPath = "";
			projectRoot = "";
			targets = (
				4172E473191A6FCF003875D8 /* MCDemo */,
				4172E497191A6FCF003875D8 /* MCDemoTests */,
			);
		};
/* End PBXProject section */

/* Begin PBXResourcesBuildPhase section */
		4172E472191A6FCF003875D8 /* Resources */ = {
			isa = PBXResourcesBuildPhase;
			buildActionMask = 2147483647;
			files = (
				845AE4421920A34C00CE4856 /* bubble_min_tailless@2x.png in Resources */,
				845AE4481920A34C00CE4856 /* bubble_tailless@2x.png in Resources */,
				845AE44A1920A34C00CE4856 /* camera@2x.png in Resources */,
				845AE44C1920A34C00CE4856 /* typing@2x.png in Resources */,
				845AE44D1920A34C00CE4856 /* message_received.aiff in Resources */,
				845AE4451920A34C00CE4856 /* bubble_stroked_tailless.png in Resources */,
				845AE4471920A34C00CE4856 /* bubble_tailless.png in Resources */,
				845AE4491920A34C00CE4856 /* camera.png in Resources */,
				845AE4681920A34C00CE4856 /* JSQMessagesLoadEarlierHeaderView.xib in Resources */,
				845AE43F1920A34C00CE4856 /* bubble_min.png in Resources */,
				4172E4B9191BDAFA003875D8 /* sample_file2.txt in Resources */,
				845AE4401920A34C00CE4856 /* bubble_min@2x.png in Resources */,
				845AE4561920A34C00CE4856 /* JSQMessagesViewController.xib in Resources */,
				845AE4431920A34C00CE4856 /* bubble_stroked.png in Resources */,
				845AE4461920A34C00CE4856 /* bubble_stroked_tailless@2x.png in Resources */,
				845AE4441920A34C00CE4856 /* bubble_stroked@2x.png in Resources */,
				845AE44E1920A34C00CE4856 /* message_sent.aiff in Resources */,
				4172E4B7191BDAF5003875D8 /* sample_file1.txt in Resources */,
				845AE43E1920A34C00CE4856 /* bubble@2x.png in Resources */,
				4172E493191A6FCF003875D8 /* Images.xcassets in Resources */,
				4172E482191A6FCF003875D8 /* InfoPlist.strings in Resources */,
				845AE46C1920A34C00CE4856 /* JSQMessagesTypingIndicatorFooterView.xib in Resources */,
				845AE44B1920A34C00CE4856 /* typing.png in Resources */,
				4172E48B191A6FCF003875D8 /* Main.storyboard in Resources */,
				845AE4611920A34C00CE4856 /* JSQMessagesCollectionViewCellIncoming.xib in Resources */,
				845AE4631920A34C00CE4856 /* JSQMessagesCollectionViewCellOutgoing.xib in Resources */,
				845AE43D1920A34C00CE4856 /* bubble.png in Resources */,
				84BB744719220E7200D0BC05 /* anonymous.png in Resources */,
				845AE4411920A34C00CE4856 /* bubble_min_tailless.png in Resources */,
				845AE46A1920A34C00CE4856 /* JSQMessagesToolbarContentView.xib in Resources */,
			);
			runOnlyForDeploymentPostprocessing = 0;
		};
		4172E496191A6FCF003875D8 /* Resources */ = {
			isa = PBXResourcesBuildPhase;
			buildActionMask = 2147483647;
			files = (
				4172E4A4191A6FCF003875D8 /* InfoPlist.strings in Resources */,
			);
			runOnlyForDeploymentPostprocessing = 0;
		};
/* End PBXResourcesBuildPhase section */

/* Begin PBXSourcesBuildPhase section */
		4172E470191A6FCF003875D8 /* Sources */ = {
			isa = PBXSourcesBuildPhase;
			buildActionMask = 2147483647;
			files = (
				845AE45E1920A34C00CE4856 /* JSQMessagesCollectionView.m in Sources */,
				845AE4661920A34C00CE4856 /* JSQMessagesLabel.m in Sources */,
				845AE4601920A34C00CE4856 /* JSQMessagesCollectionViewCellIncoming.m in Sources */,
				4172E4B1191A701C003875D8 /* ConnectionsViewController.m in Sources */,
				845AE4541920A34C00CE4856 /* JSQMessagesKeyboardController.m in Sources */,
				845AE45D1920A34C00CE4856 /* JSQMessage.m in Sources */,
				4172E4B4191A7236003875D8 /* MCChatSession.m in Sources */,
				845AE4671920A34C00CE4856 /* JSQMessagesLoadEarlierHeaderView.m in Sources */,
				845AE4641920A34C00CE4856 /* JSQMessagesComposerTextView.m in Sources */,
				845AE4501920A34C00CE4856 /* NSString+JSQMessages.m in Sources */,
				4172E491191A6FCF003875D8 /* SecondViewController.m in Sources */,
				845AE4691920A34C00CE4856 /* JSQMessagesToolbarContentView.m in Sources */,
				845AE4551920A34C00CE4856 /* JSQMessagesViewController.m in Sources */,
				845AE4531920A34C00CE4856 /* UIView+JSQMessages.m in Sources */,
				845AE4511920A34C00CE4856 /* UIColor+JSQMessages.m in Sources */,
				845AE4591920A34C00CE4856 /* JSQMessagesTimestampFormatter.m in Sources */,
				845AE45C1920A34C00CE4856 /* JSQMessagesCollectionViewLayoutAttributes.m in Sources */,
				845AE4711920A7EE00CE4856 /* LNBrowserViewController.m in Sources */,
				845AE45B1920A34C00CE4856 /* JSQMessagesCollectionViewFlowLayout.m in Sources */,
				4172E488191A6FCF003875D8 /* AppDelegate.m in Sources */,
				845AE45A1920A34C00CE4856 /* JSQMessagesToolbarButtonFactory.m in Sources */,
				845AE45F1920A34C00CE4856 /* JSQMessagesCollectionViewCell.m in Sources */,
				84BB744A1922196400D0BC05 /* FirstViewController.m in Sources */,
				845AE46D1920A34C00CE4856 /* JSQSystemSoundPlayer.m in Sources */,
				4172E48E191A6FCF003875D8 /* MCMessagesViewController.m in Sources */,
				845AE4571920A34C00CE4856 /* JSQMessagesAvatarFactory.m in Sources */,
				845AE4621920A34C00CE4856 /* JSQMessagesCollectionViewCellOutgoing.m in Sources */,
				845AE4651920A34C00CE4856 /* JSQMessagesInputToolbar.m in Sources */,
				845AE46B1920A34C00CE4856 /* JSQMessagesTypingIndicatorFooterView.m in Sources */,
				4172E484191A6FCF003875D8 /* main.m in Sources */,
				845AE4521920A34C00CE4856 /* UIImage+JSQMessages.m in Sources */,
				845AE4581920A34C00CE4856 /* JSQMessagesBubbleImageFactory.m in Sources */,
				845AE44F1920A34C00CE4856 /* JSQSystemSoundPlayer+JSQMessages.m in Sources */,
			);
			runOnlyForDeploymentPostprocessing = 0;
		};
		4172E494191A6FCF003875D8 /* Sources */ = {
			isa = PBXSourcesBuildPhase;
			buildActionMask = 2147483647;
			files = (
				4172E4A6191A6FCF003875D8 /* MCDemoTests.m in Sources */,
			);
			runOnlyForDeploymentPostprocessing = 0;
		};
/* End PBXSourcesBuildPhase section */

/* Begin PBXTargetDependency section */
		4172E49E191A6FCF003875D8 /* PBXTargetDependency */ = {
			isa = PBXTargetDependency;
			target = 4172E473191A6FCF003875D8 /* MCDemo */;
			targetProxy = 4172E49D191A6FCF003875D8 /* PBXContainerItemProxy */;
		};
/* End PBXTargetDependency section */

/* Begin PBXVariantGroup section */
		4172E480191A6FCF003875D8 /* InfoPlist.strings */ = {
			isa = PBXVariantGroup;
			children = (
				4172E481191A6FCF003875D8 /* en */,
			);
			name = InfoPlist.strings;
			sourceTree = "<group>";
		};
		4172E489191A6FCF003875D8 /* Main.storyboard */ = {
			isa = PBXVariantGroup;
			children = (
				4172E48A191A6FCF003875D8 /* Base */,
			);
			name = Main.storyboard;
			sourceTree = "<group>";
		};
		4172E4A2191A6FCF003875D8 /* InfoPlist.strings */ = {
			isa = PBXVariantGroup;
			children = (
				4172E4A3191A6FCF003875D8 /* en */,
			);
			name = InfoPlist.strings;
			sourceTree = "<group>";
		};
/* End PBXVariantGroup section */

/* Begin XCBuildConfiguration section */
		4172E4A7191A6FCF003875D8 /* Debug */ = {
			isa = XCBuildConfiguration;
			buildSettings = {
				ALWAYS_SEARCH_USER_PATHS = NO;
				CLANG_CXX_LANGUAGE_STANDARD = "gnu++0x";
				CLANG_CXX_LIBRARY = "libc++";
				CLANG_ENABLE_MODULES = YES;
				CLANG_ENABLE_OBJC_ARC = YES;
				CLANG_WARN_BOOL_CONVERSION = YES;
				CLANG_WARN_CONSTANT_CONVERSION = YES;
				CLANG_WARN_DIRECT_OBJC_ISA_USAGE = YES_ERROR;
				CLANG_WARN_EMPTY_BODY = YES;
				CLANG_WARN_ENUM_CONVERSION = YES;
				CLANG_WARN_INT_CONVERSION = YES;
				CLANG_WARN_OBJC_ROOT_CLASS = YES_ERROR;
				CLANG_WARN__DUPLICATE_METHOD_MATCH = YES;
				"CODE_SIGN_IDENTITY[sdk=iphoneos*]" = "iPhone Developer";
				COPY_PHASE_STRIP = NO;
				GCC_C_LANGUAGE_STANDARD = gnu99;
				GCC_DYNAMIC_NO_PIC = NO;
				GCC_OPTIMIZATION_LEVEL = 0;
				GCC_PREPROCESSOR_DEFINITIONS = (
					"DEBUG=1",
					"$(inherited)",
				);
				GCC_SYMBOLS_PRIVATE_EXTERN = NO;
				GCC_WARN_64_TO_32_BIT_CONVERSION = YES;
				GCC_WARN_ABOUT_RETURN_TYPE = YES_ERROR;
				GCC_WARN_UNDECLARED_SELECTOR = YES;
				GCC_WARN_UNINITIALIZED_AUTOS = YES_AGGRESSIVE;
				GCC_WARN_UNUSED_FUNCTION = YES;
				GCC_WARN_UNUSED_VARIABLE = YES;
				IPHONEOS_DEPLOYMENT_TARGET = 7.1;
				ONLY_ACTIVE_ARCH = YES;
				SDKROOT = iphoneos;
			};
			name = Debug;
		};
		4172E4A8191A6FCF003875D8 /* Release */ = {
			isa = XCBuildConfiguration;
			buildSettings = {
				ALWAYS_SEARCH_USER_PATHS = NO;
				CLANG_CXX_LANGUAGE_STANDARD = "gnu++0x";
				CLANG_CXX_LIBRARY = "libc++";
				CLANG_ENABLE_MODULES = YES;
				CLANG_ENABLE_OBJC_ARC = YES;
				CLANG_WARN_BOOL_CONVERSION = YES;
				CLANG_WARN_CONSTANT_CONVERSION = YES;
				CLANG_WARN_DIRECT_OBJC_ISA_USAGE = YES_ERROR;
				CLANG_WARN_EMPTY_BODY = YES;
				CLANG_WARN_ENUM_CONVERSION = YES;
				CLANG_WARN_INT_CONVERSION = YES;
				CLANG_WARN_OBJC_ROOT_CLASS = YES_ERROR;
				CLANG_WARN__DUPLICATE_METHOD_MATCH = YES;
				"CODE_SIGN_IDENTITY[sdk=iphoneos*]" = "iPhone Developer";
				COPY_PHASE_STRIP = YES;
				ENABLE_NS_ASSERTIONS = NO;
				GCC_C_LANGUAGE_STANDARD = gnu99;
				GCC_WARN_64_TO_32_BIT_CONVERSION = YES;
				GCC_WARN_ABOUT_RETURN_TYPE = YES_ERROR;
				GCC_WARN_UNDECLARED_SELECTOR = YES;
				GCC_WARN_UNINITIALIZED_AUTOS = YES_AGGRESSIVE;
				GCC_WARN_UNUSED_FUNCTION = YES;
				GCC_WARN_UNUSED_VARIABLE = YES;
				IPHONEOS_DEPLOYMENT_TARGET = 7.1;
				SDKROOT = iphoneos;
				VALIDATE_PRODUCT = YES;
			};
			name = Release;
		};
		4172E4AA191A6FCF003875D8 /* Debug */ = {
			isa = XCBuildConfiguration;
			buildSettings = {
				ASSETCATALOG_COMPILER_APPICON_NAME = AppIcon;
				CODE_SIGN_IDENTITY = "iPhone Distribution: FPT Software Company Limited";
				GCC_PRECOMPILE_PREFIX_HEADER = YES;
				GCC_PREFIX_HEADER = "MCDemo/MCDemo-Prefix.pch";
				INFOPLIST_FILE = "MCDemo/MCDemo-Info.plist";
				IPHONEOS_DEPLOYMENT_TARGET = 7.0;
				PRODUCT_NAME = "$(TARGET_NAME)";
				WRAPPER_EXTENSION = app;
			};
			name = Debug;
		};
		4172E4AB191A6FCF003875D8 /* Release */ = {
			isa = XCBuildConfiguration;
			buildSettings = {
				ASSETCATALOG_COMPILER_APPICON_NAME = AppIcon;
				CODE_SIGN_IDENTITY = "iPhone Distribution: FPT Software Company Limited";
				GCC_PRECOMPILE_PREFIX_HEADER = YES;
				GCC_PREFIX_HEADER = "MCDemo/MCDemo-Prefix.pch";
				INFOPLIST_FILE = "MCDemo/MCDemo-Info.plist";
				IPHONEOS_DEPLOYMENT_TARGET = 7.0;
				PRODUCT_NAME = "$(TARGET_NAME)";
				WRAPPER_EXTENSION = app;
			};
			name = Release;
		};
		4172E4AD191A6FCF003875D8 /* Debug */ = {
			isa = XCBuildConfiguration;
			buildSettings = {
				BUNDLE_LOADER = "$(BUILT_PRODUCTS_DIR)/MCDemo.app/MCDemo";
				FRAMEWORK_SEARCH_PATHS = (
					"$(SDKROOT)/Developer/Library/Frameworks",
					"$(inherited)",
					"$(DEVELOPER_FRAMEWORKS_DIR)",
				);
				GCC_PRECOMPILE_PREFIX_HEADER = YES;
				GCC_PREFIX_HEADER = "MCDemo/MCDemo-Prefix.pch";
				GCC_PREPROCESSOR_DEFINITIONS = (
					"DEBUG=1",
					"$(inherited)",
				);
				INFOPLIST_FILE = "MCDemoTests/MCDemoTests-Info.plist";
				PRODUCT_NAME = "$(TARGET_NAME)";
				TEST_HOST = "$(BUNDLE_LOADER)";
				WRAPPER_EXTENSION = xctest;
			};
			name = Debug;
		};
		4172E4AE191A6FCF003875D8 /* Release */ = {
			isa = XCBuildConfiguration;
			buildSettings = {
				BUNDLE_LOADER = "$(BUILT_PRODUCTS_DIR)/MCDemo.app/MCDemo";
				FRAMEWORK_SEARCH_PATHS = (
					"$(SDKROOT)/Developer/Library/Frameworks",
					"$(inherited)",
					"$(DEVELOPER_FRAMEWORKS_DIR)",
				);
				GCC_PRECOMPILE_PREFIX_HEADER = YES;
				GCC_PREFIX_HEADER = "MCDemo/MCDemo-Prefix.pch";
				INFOPLIST_FILE = "MCDemoTests/MCDemoTests-Info.plist";
				PRODUCT_NAME = "$(TARGET_NAME)";
				TEST_HOST = "$(BUNDLE_LOADER)";
				WRAPPER_EXTENSION = xctest;
			};
			name = Release;
		};
/* End XCBuildConfiguration section */

/* Begin XCConfigurationList section */
		4172E46F191A6FCF003875D8 /* Build configuration list for PBXProject "MCDemo" */ = {
			isa = XCConfigurationList;
			buildConfigurations = (
				4172E4A7191A6FCF003875D8 /* Debug */,
				4172E4A8191A6FCF003875D8 /* Release */,
			);
			defaultConfigurationIsVisible = 0;
			defaultConfigurationName = Release;
		};
		4172E4A9191A6FCF003875D8 /* Build configuration list for PBXNativeTarget "MCDemo" */ = {
			isa = XCConfigurationList;
			buildConfigurations = (
				4172E4AA191A6FCF003875D8 /* Debug */,
				4172E4AB191A6FCF003875D8 /* Release */,
			);
			defaultConfigurationIsVisible = 0;
			defaultConfigurationName = Release;
		};
		4172E4AC191A6FCF003875D8 /* Build configuration list for PBXNativeTarget "MCDemoTests" */ = {
			isa = XCConfigurationList;
			buildConfigurations = (
				4172E4AD191A6FCF003875D8 /* Debug */,
				4172E4AE191A6FCF003875D8 /* Release */,
			);
			defaultConfigurationIsVisible = 0;
			defaultConfigurationName = Release;
		};
/* End XCConfigurationList section */
	};
	rootObject = 4172E46C191A6FCF003875D8 /* Project object */;
}
