// !$*UTF8*$!
{
	archiveVersion = 1;
	classes = {
	};
	objectVersion = 46;
	objects = {

/* Begin PBXBuildFile section */
		4172E478191A6FCF003875D8 /* Foundation.framework in Frameworks */ = {isa = PBXBuildFile; fileRef = 4172E477191A6FCF003875D8 /* Foundation.framework */; };
		4172E47A191A6FCF003875D8 /* CoreGraphics.framework in Frameworks */ = {isa = PBXBuildFile; fileRef = 4172E479191A6FCF003875D8 /* CoreGraphics.framework */; };
		4172E47C191A6FCF003875D8 /* UIKit.framework in Frameworks */ = {isa = PBXBuildFile; fileRef = 4172E47B191A6FCF003875D8 /* UIKit.framework */; };
		4172E482191A6FCF003875D8 /* InfoPlist.strings in Resources */ = {isa = PBXBuildFile; fileRef = 4172E480191A6FCF003875D8 /* InfoPlist.strings */; };
		4172E484191A6FCF003875D8 /* main.m in Sources */ = {isa = PBXBuildFile; fileRef = 4172E483191A6FCF003875D8 /* main.m */; };
		4172E488191A6FCF003875D8 /* AppDelegate.m in Sources */ = {isa = PBXBuildFile; fileRef = 4172E487191A6FCF003875D8 /* AppDelegate.m */; };
		4172E48B191A6FCF003875D8 /* Main.storyboard in Resources */ = {isa = PBXBuildFile; fileRef = 4172E489191A6FCF003875D8 /* Main.storyboard */; };
		4172E48E191A6FCF003875D8 /* FirstViewController.m in Sources */ = {isa = PBXBuildFile; fileRef = 4172E48D191A6FCF003875D8 /* FirstViewController.m */; };
		4172E491191A6FCF003875D8 /* SecondViewController.m in Sources */ = {isa = PBXBuildFile; fileRef = 4172E490191A6FCF003875D8 /* SecondViewController.m */; };
		4172E493191A6FCF003875D8 /* Images.xcassets in Resources */ = {isa = PBXBuildFile; fileRef = 4172E492191A6FCF003875D8 /* Images.xcassets */; };
		4172E49A191A6FCF003875D8 /* XCTest.framework in Frameworks */ = {isa = PBXBuildFile; fileRef = 4172E499191A6FCF003875D8 /* XCTest.framework */; };
		4172E49B191A6FCF003875D8 /* Foundation.framework in Frameworks */ = {isa = PBXBuildFile; fileRef = 4172E477191A6FCF003875D8 /* Foundation.framework */; };
		4172E49C191A6FCF003875D8 /* UIKit.framework in Frameworks */ = {isa = PBXBuildFile; fileRef = 4172E47B191A6FCF003875D8 /* UIKit.framework */; };
		4172E4A4191A6FCF003875D8 /* InfoPlist.strings in Resources */ = {isa = PBXBuildFile; fileRef = 4172E4A2191A6FCF003875D8 /* InfoPlist.strings */; };
		4172E4A6191A6FCF003875D8 /* MCDemoTests.m in Sources */ = {isa = PBXBuildFile; fileRef = 4172E4A5191A6FCF003875D8 /* MCDemoTests.m */; };
		4172E4B1191A701C003875D8 /* ConnectionsViewController.m in Sources */ = {isa = PBXBuildFile; fileRef = 4172E4B0191A701C003875D8 /* ConnectionsViewController.m */; };
		4172E4B4191A7236003875D8 /* MCManager.m in Sources */ = {isa = PBXBuildFile; fileRef = 4172E4B3191A7236003875D8 /* MCManager.m */; };
/* End PBXBuildFile section */

/* Begin PBXContainerItemProxy section */
		4172E49D191A6FCF003875D8 /* PBXContainerItemProxy */ = {
			isa = PBXContainerItemProxy;
			containerPortal = 4172E46C191A6FCF003875D8 /* Project object */;
			proxyType = 1;
			remoteGlobalIDString = 4172E473191A6FCF003875D8;
			remoteInfo = MCDemo;
		};
/* End PBXContainerItemProxy section */

/* Begin PBXFileReference section */
		4172E474191A6FCF003875D8 /* MCDemo.app */ = {isa = PBXFileReference; explicitFileType = wrapper.application; includeInIndex = 0; path = MCDemo.app; sourceTree = BUILT_PRODUCTS_DIR; };
		4172E477191A6FCF003875D8 /* Foundation.framework */ = {isa = PBXFileReference; lastKnownFileType = wrapper.framework; name = Foundation.framework; path = System/Library/Frameworks/Foundation.framework; sourceTree = SDKROOT; };
		4172E479191A6FCF003875D8 /* CoreGraphics.framework */ = {isa = PBXFileReference; lastKnownFileType = wrapper.framework; name = CoreGraphics.framework; path = System/Library/Frameworks/CoreGraphics.framework; sourceTree = SDKROOT; };
		4172E47B191A6FCF003875D8 /* UIKit.framework */ = {isa = PBXFileReference; lastKnownFileType = wrapper.framework; name = UIKit.framework; path = System/Library/Frameworks/UIKit.framework; sourceTree = SDKROOT; };
		4172E47F191A6FCF003875D8 /* MCDemo-Info.plist */ = {isa = PBXFileReference; lastKnownFileType = text.plist.xml; path = "MCDemo-Info.plist"; sourceTree = "<group>"; };
		4172E481191A6FCF003875D8 /* en */ = {isa = PBXFileReference; lastKnownFileType = text.plist.strings; name = en; path = en.lproj/InfoPlist.strings; sourceTree = "<group>"; };
		4172E483191A6FCF003875D8 /* main.m */ = {isa = PBXFileReference; lastKnownFileType = sourcecode.c.objc; path = main.m; sourceTree = "<group>"; };
		4172E485191A6FCF003875D8 /* MCDemo-Prefix.pch */ = {isa = PBXFileReference; lastKnownFileType = sourcecode.c.h; path = "MCDemo-Prefix.pch"; sourceTree = "<group>"; };
		4172E486191A6FCF003875D8 /* AppDelegate.h */ = {isa = PBXFileReference; lastKnownFileType = sourcecode.c.h; path = AppDelegate.h; sourceTree = "<group>"; };
		4172E487191A6FCF003875D8 /* AppDelegate.m */ = {isa = PBXFileReference; lastKnownFileType = sourcecode.c.objc; path = AppDelegate.m; sourceTree = "<group>"; };
		4172E48A191A6FCF003875D8 /* Base */ = {isa = PBXFileReference; lastKnownFileType = file.storyboard; name = Base; path = Base.lproj/Main.storyboard; sourceTree = "<group>"; };
		4172E48C191A6FCF003875D8 /* FirstViewController.h */ = {isa = PBXFileReference; lastKnownFileType = sourcecode.c.h; path = FirstViewController.h; sourceTree = "<group>"; };
		4172E48D191A6FCF003875D8 /* FirstViewController.m */ = {isa = PBXFileReference; lastKnownFileType = sourcecode.c.objc; path = FirstViewController.m; sourceTree = "<group>"; };
		4172E48F191A6FCF003875D8 /* SecondViewController.h */ = {isa = PBXFileReference; lastKnownFileType = sourcecode.c.h; path = SecondViewController.h; sourceTree = "<group>"; };
		4172E490191A6FCF003875D8 /* SecondViewController.m */ = {isa = PBXFileReference; lastKnownFileType = sourcecode.c.objc; path = SecondViewController.m; sourceTree = "<group>"; };
		4172E492191A6FCF003875D8 /* Images.xcassets */ = {isa = PBXFileReference; lastKnownFileType = folder.assetcatalog; path = Images.xcassets; sourceTree = "<group>"; };
		4172E498191A6FCF003875D8 /* MCDemoTests.xctest */ = {isa = PBXFileReference; explicitFileType = wrapper.cfbundle; includeInIndex = 0; path = MCDemoTests.xctest; sourceTree = BUILT_PRODUCTS_DIR; };
		4172E499191A6FCF003875D8 /* XCTest.framework */ = {isa = PBXFileReference; lastKnownFileType = wrapper.framework; name = XCTest.framework; path = Library/Frameworks/XCTest.framework; sourceTree = DEVELOPER_DIR; };
		4172E4A1191A6FCF003875D8 /* MCDemoTests-Info.plist */ = {isa = PBXFileReference; lastKnownFileType = text.plist.xml; path = "MCDemoTests-Info.plist"; sourceTree = "<group>"; };
		4172E4A3191A6FCF003875D8 /* en */ = {isa = PBXFileReference; lastKnownFileType = text.plist.strings; name = en; path = en.lproj/InfoPlist.strings; sourceTree = "<group>"; };
		4172E4A5191A6FCF003875D8 /* MCDemoTests.m */ = {isa = PBXFileReference; lastKnownFileType = sourcecode.c.objc; path = MCDemoTests.m; sourceTree = "<group>"; };
		4172E4AF191A701C003875D8 /* ConnectionsViewController.h */ = {isa = PBXFileReference; fileEncoding = 4; lastKnownFileType = sourcecode.c.h; path = ConnectionsViewController.h; sourceTree = "<group>"; };
		4172E4B0191A701C003875D8 /* ConnectionsViewController.m */ = {isa = PBXFileReference; fileEncoding = 4; lastKnownFileType = sourcecode.c.objc; path = ConnectionsViewController.m; sourceTree = "<group>"; };
		4172E4B2191A7236003875D8 /* MCManager.h */ = {isa = PBXFileReference; fileEncoding = 4; lastKnownFileType = sourcecode.c.h; path = MCManager.h; sourceTree = "<group>"; };
		4172E4B3191A7236003875D8 /* MCManager.m */ = {isa = PBXFileReference; fileEncoding = 4; lastKnownFileType = sourcecode.c.objc; path = MCManager.m; sourceTree = "<group>"; };
		4172E4B5191A7DB5003875D8 /* Default-568h@2x.png */ = {isa = PBXFileReference; lastKnownFileType = image.png; path = "Default-568h@2x.png"; sourceTree = "<group>"; };
/* End PBXFileReference section */

/* Begin PBXFrameworksBuildPhase section */
		4172E471191A6FCF003875D8 /* Frameworks */ = {
			isa = PBXFrameworksBuildPhase;
			buildActionMask = 2147483647;
			files = (
				4172E47A191A6FCF003875D8 /* CoreGraphics.framework in Frameworks */,
				4172E47C191A6FCF003875D8 /* UIKit.framework in Frameworks */,
				4172E478191A6FCF003875D8 /* Foundation.framework in Frameworks */,
			);
			runOnlyForDeploymentPostprocessing = 0;
		};
		4172E495191A6FCF003875D8 /* Frameworks */ = {
			isa = PBXFrameworksBuildPhase;
			buildActionMask = 2147483647;
			files = (
				4172E49A191A6FCF003875D8 /* XCTest.framework in Frameworks */,
				4172E49C191A6FCF003875D8 /* UIKit.framework in Frameworks */,
				4172E49B191A6FCF003875D8 /* Foundation.framework in Frameworks */,
			);
			runOnlyForDeploymentPostprocessing = 0;
		};
/* End PBXFrameworksBuildPhase section */

/* Begin PBXGroup section */
		4172E46B191A6FCF003875D8 = {
			isa = PBXGroup;
			children = (
				4172E4B5191A7DB5003875D8 /* Default-568h@2x.png */,
				4172E47D191A6FCF003875D8 /* MCDemo */,
				4172E49F191A6FCF003875D8 /* MCDemoTests */,
				4172E476191A6FCF003875D8 /* Frameworks */,
				4172E475191A6FCF003875D8 /* Products */,
			);
			sourceTree = "<group>";
		};
		4172E475191A6FCF003875D8 /* Products */ = {
			isa = PBXGroup;
			children = (
				4172E474191A6FCF003875D8 /* MCDemo.app */,
				4172E498191A6FCF003875D8 /* MCDemoTests.xctest */,
			);
			name = Products;
			sourceTree = "<group>";
		};
		4172E476191A6FCF003875D8 /* Frameworks */ = {
			isa = PBXGroup;
			children = (
				4172E477191A6FCF003875D8 /* Foundation.framework */,
				4172E479191A6FCF003875D8 /* CoreGraphics.framework */,
				4172E47B191A6FCF003875D8 /* UIKit.framework */,
				4172E499191A6FCF003875D8 /* XCTest.framework */,
			);
			name = Frameworks;
			sourceTree = "<group>";
		};
		4172E47D191A6FCF003875D8 /* MCDemo */ = {
			isa = PBXGroup;
			children = (
				4172E486191A6FCF003875D8 /* AppDelegate.h */,
				4172E487191A6FCF003875D8 /* AppDelegate.m */,
				4172E489191A6FCF003875D8 /* Main.storyboard */,
				4172E48C191A6FCF003875D8 /* FirstViewController.h */,
				4172E48D191A6FCF003875D8 /* FirstViewController.m */,
				4172E48F191A6FCF003875D8 /* SecondViewController.h */,
				4172E490191A6FCF003875D8 /* SecondViewController.m */,
				4172E492191A6FCF003875D8 /* Images.xcassets */,
				4172E47E191A6FCF003875D8 /* Supporting Files */,
				4172E4AF191A701C003875D8 /* ConnectionsViewController.h */,
				4172E4B0191A701C003875D8 /* ConnectionsViewController.m */,
				4172E4B2191A7236003875D8 /* MCManager.h */,
				4172E4B3191A7236003875D8 /* MCManager.m */,
			);
			path = MCDemo;
			sourceTree = "<group>";
		};
		4172E47E191A6FCF003875D8 /* Supporting Files */ = {
			isa = PBXGroup;
			children = (
				4172E47F191A6FCF003875D8 /* MCDemo-Info.plist */,
				4172E480191A6FCF003875D8 /* InfoPlist.strings */,
				4172E483191A6FCF003875D8 /* main.m */,
				4172E485191A6FCF003875D8 /* MCDemo-Prefix.pch */,
			);
			name = "Supporting Files";
			sourceTree = "<group>";
		};
		4172E49F191A6FCF003875D8 /* MCDemoTests */ = {
			isa = PBXGroup;
			children = (
				4172E4A5191A6FCF003875D8 /* MCDemoTests.m */,
				4172E4A0191A6FCF003875D8 /* Supporting Files */,
			);
			path = MCDemoTests;
			sourceTree = "<group>";
		};
		4172E4A0191A6FCF003875D8 /* Supporting Files */ = {
			isa = PBXGroup;
			children = (
				4172E4A1191A6FCF003875D8 /* MCDemoTests-Info.plist */,
				4172E4A2191A6FCF003875D8 /* InfoPlist.strings */,
			);
			name = "Supporting Files";
			sourceTree = "<group>";
		};
/* End PBXGroup section */

/* Begin PBXNativeTarget section */
		4172E473191A6FCF003875D8 /* MCDemo */ = {
			isa = PBXNativeTarget;
			buildConfigurationList = 4172E4A9191A6FCF003875D8 /* Build configuration list for PBXNativeTarget "MCDemo" */;
			buildPhases = (
				4172E470191A6FCF003875D8 /* Sources */,
				4172E471191A6FCF003875D8 /* Frameworks */,
				4172E472191A6FCF003875D8 /* Resources */,
			);
			buildRules = (
			);
			dependencies = (
			);
			name = MCDemo;
			productName = MCDemo;
			productReference = 4172E474191A6FCF003875D8 /* MCDemo.app */;
			productType = "com.apple.product-type.application";
		};
		4172E497191A6FCF003875D8 /* MCDemoTests */ = {
			isa = PBXNativeTarget;
			buildConfigurationList = 4172E4AC191A6FCF003875D8 /* Build configuration list for PBXNativeTarget "MCDemoTests" */;
			buildPhases = (
				4172E494191A6FCF003875D8 /* Sources */,
				4172E495191A6FCF003875D8 /* Frameworks */,
				4172E496191A6FCF003875D8 /* Resources */,
			);
			buildRules = (
			);
			dependencies = (
				4172E49E191A6FCF003875D8 /* PBXTargetDependency */,
			);
			name = MCDemoTests;
			productName = MCDemoTests;
			productReference = 4172E498191A6FCF003875D8 /* MCDemoTests.xctest */;
			productType = "com.apple.product-type.bundle.unit-test";
		};
/* End PBXNativeTarget section */

/* Begin PBXProject section */
		4172E46C191A6FCF003875D8 /* Project object */ = {
			isa = PBXProject;
			attributes = {
				LastUpgradeCheck = 0510;
				ORGANIZATIONNAME = "Home Inc";
				TargetAttributes = {
					4172E497191A6FCF003875D8 = {
						TestTargetID = 4172E473191A6FCF003875D8;
					};
				};
			};
			buildConfigurationList = 4172E46F191A6FCF003875D8 /* Build configuration list for PBXProject "MCDemo" */;
			compatibilityVersion = "Xcode 3.2";
			developmentRegion = English;
			hasScannedForEncodings = 0;
			knownRegions = (
				en,
				Base,
			);
			mainGroup = 4172E46B191A6FCF003875D8;
			productRefGroup = 4172E475191A6FCF003875D8 /* Products */;
			projectDirPath = "";
			projectRoot = "";
			targets = (
				4172E473191A6FCF003875D8 /* MCDemo */,
				4172E497191A6FCF003875D8 /* MCDemoTests */,
			);
		};
/* End PBXProject section */

/* Begin PBXResourcesBuildPhase section */
		4172E472191A6FCF003875D8 /* Resources */ = {
			isa = PBXResourcesBuildPhase;
			buildActionMask = 2147483647;
			files = (
				4172E493191A6FCF003875D8 /* Images.xcassets in Resources */,
				4172E482191A6FCF003875D8 /* InfoPlist.strings in Resources */,
				4172E48B191A6FCF003875D8 /* Main.storyboard in Resources */,
			);
			runOnlyForDeploymentPostprocessing = 0;
		};
		4172E496191A6FCF003875D8 /* Resources */ = {
			isa = PBXResourcesBuildPhase;
			buildActionMask = 2147483647;
			files = (
				4172E4A4191A6FCF003875D8 /* InfoPlist.strings in Resources */,
			);
			runOnlyForDeploymentPostprocessing = 0;
		};
/* End PBXResourcesBuildPhase section */

/* Begin PBXSourcesBuildPhase section */
		4172E470191A6FCF003875D8 /* Sources */ = {
			isa = PBXSourcesBuildPhase;
			buildActionMask = 2147483647;
			files = (
				4172E4B1191A701C003875D8 /* ConnectionsViewController.m in Sources */,
				4172E4B4191A7236003875D8 /* MCManager.m in Sources */,
				4172E491191A6FCF003875D8 /* SecondViewController.m in Sources */,
				4172E488191A6FCF003875D8 /* AppDelegate.m in Sources */,
				4172E48E191A6FCF003875D8 /* FirstViewController.m in Sources */,
				4172E484191A6FCF003875D8 /* main.m in Sources */,
			);
			runOnlyForDeploymentPostprocessing = 0;
		};
		4172E494191A6FCF003875D8 /* Sources */ = {
			isa = PBXSourcesBuildPhase;
			buildActionMask = 2147483647;
			files = (
				4172E4A6191A6FCF003875D8 /* MCDemoTests.m in Sources */,
			);
			runOnlyForDeploymentPostprocessing = 0;
		};
/* End PBXSourcesBuildPhase section */

/* Begin PBXTargetDependency section */
		4172E49E191A6FCF003875D8 /* PBXTargetDependency */ = {
			isa = PBXTargetDependency;
			target = 4172E473191A6FCF003875D8 /* MCDemo */;
			targetProxy = 4172E49D191A6FCF003875D8 /* PBXContainerItemProxy */;
		};
/* End PBXTargetDependency section */

/* Begin PBXVariantGroup section */
		4172E480191A6FCF003875D8 /* InfoPlist.strings */ = {
			isa = PBXVariantGroup;
			children = (
				4172E481191A6FCF003875D8 /* en */,
			);
			name = InfoPlist.strings;
			sourceTree = "<group>";
		};
		4172E489191A6FCF003875D8 /* Main.storyboard */ = {
			isa = PBXVariantGroup;
			children = (
				4172E48A191A6FCF003875D8 /* Base */,
			);
			name = Main.storyboard;
			sourceTree = "<group>";
		};
		4172E4A2191A6FCF003875D8 /* InfoPlist.strings */ = {
			isa = PBXVariantGroup;
			children = (
				4172E4A3191A6FCF003875D8 /* en */,
			);
			name = InfoPlist.strings;
			sourceTree = "<group>";
		};
/* End PBXVariantGroup section */

/* Begin XCBuildConfiguration section */
		4172E4A7191A6FCF003875D8 /* Debug */ = {
			isa = XCBuildConfiguration;
			buildSettings = {
				ALWAYS_SEARCH_USER_PATHS = NO;
				CLANG_CXX_LANGUAGE_STANDARD = "gnu++0x";
				CLANG_CXX_LIBRARY = "libc++";
				CLANG_ENABLE_MODULES = YES;
				CLANG_ENABLE_OBJC_ARC = YES;
				CLANG_WARN_BOOL_CONVERSION = YES;
				CLANG_WARN_CONSTANT_CONVERSION = YES;
				CLANG_WARN_DIRECT_OBJC_ISA_USAGE = YES_ERROR;
				CLANG_WARN_EMPTY_BODY = YES;
				CLANG_WARN_ENUM_CONVERSION = YES;
				CLANG_WARN_INT_CONVERSION = YES;
				CLANG_WARN_OBJC_ROOT_CLASS = YES_ERROR;
				CLANG_WARN__DUPLICATE_METHOD_MATCH = YES;
				"CODE_SIGN_IDENTITY[sdk=iphoneos*]" = "iPhone Developer";
				COPY_PHASE_STRIP = NO;
				GCC_C_LANGUAGE_STANDARD = gnu99;
				GCC_DYNAMIC_NO_PIC = NO;
				GCC_OPTIMIZATION_LEVEL = 0;
				GCC_PREPROCESSOR_DEFINITIONS = (
					"DEBUG=1",
					"$(inherited)",
				);
				GCC_SYMBOLS_PRIVATE_EXTERN = NO;
				GCC_WARN_64_TO_32_BIT_CONVERSION = YES;
				GCC_WARN_ABOUT_RETURN_TYPE = YES_ERROR;
				GCC_WARN_UNDECLARED_SELECTOR = YES;
				GCC_WARN_UNINITIALIZED_AUTOS = YES_AGGRESSIVE;
				GCC_WARN_UNUSED_FUNCTION = YES;
				GCC_WARN_UNUSED_VARIABLE = YES;
				IPHONEOS_DEPLOYMENT_TARGET = 7.1;
				ONLY_ACTIVE_ARCH = YES;
				SDKROOT = iphoneos;
			};
			name = Debug;
		};
		4172E4A8191A6FCF003875D8 /* Release */ = {
			isa = XCBuildConfiguration;
			buildSettings = {
				ALWAYS_SEARCH_USER_PATHS = NO;
				CLANG_CXX_LANGUAGE_STANDARD = "gnu++0x";
				CLANG_CXX_LIBRARY = "libc++";
				CLANG_ENABLE_MODULES = YES;
				CLANG_ENABLE_OBJC_ARC = YES;
				CLANG_WARN_BOOL_CONVERSION = YES;
				CLANG_WARN_CONSTANT_CONVERSION = YES;
				CLANG_WARN_DIRECT_OBJC_ISA_USAGE = YES_ERROR;
				CLANG_WARN_EMPTY_BODY = YES;
				CLANG_WARN_ENUM_CONVERSION = YES;
				CLANG_WARN_INT_CONVERSION = YES;
				CLANG_WARN_OBJC_ROOT_CLASS = YES_ERROR;
				CLANG_WARN__DUPLICATE_METHOD_MATCH = YES;
				"CODE_SIGN_IDENTITY[sdk=iphoneos*]" = "iPhone Developer";
				COPY_PHASE_STRIP = YES;
				ENABLE_NS_ASSERTIONS = NO;
				GCC_C_LANGUAGE_STANDARD = gnu99;
				GCC_WARN_64_TO_32_BIT_CONVERSION = YES;
				GCC_WARN_ABOUT_RETURN_TYPE = YES_ERROR;
				GCC_WARN_UNDECLARED_SELECTOR = YES;
				GCC_WARN_UNINITIALIZED_AUTOS = YES_AGGRESSIVE;
				GCC_WARN_UNUSED_FUNCTION = YES;
				GCC_WARN_UNUSED_VARIABLE = YES;
				IPHONEOS_DEPLOYMENT_TARGET = 7.1;
				SDKROOT = iphoneos;
				VALIDATE_PRODUCT = YES;
			};
			name = Release;
		};
		4172E4AA191A6FCF003875D8 /* Debug */ = {
			isa = XCBuildConfiguration;
			buildSettings = {
				ASSETCATALOG_COMPILER_APPICON_NAME = AppIcon;
				CODE_SIGN_IDENTITY = "iPhone Developer: Long Nguyen (M6FKXHWXBY)";
				GCC_PRECOMPILE_PREFIX_HEADER = YES;
				GCC_PREFIX_HEADER = "MCDemo/MCDemo-Prefix.pch";
				INFOPLIST_FILE = "MCDemo/MCDemo-Info.plist";
				PRODUCT_NAME = "$(TARGET_NAME)";
				WRAPPER_EXTENSION = app;
			};
			name = Debug;
		};
		4172E4AB191A6FCF003875D8 /* Release */ = {
			isa = XCBuildConfiguration;
			buildSettings = {
				ASSETCATALOG_COMPILER_APPICON_NAME = AppIcon;
				CODE_SIGN_IDENTITY = "iPhone Distribution: Long Nguyen (UGSPUG2S7C)";
				GCC_PRECOMPILE_PREFIX_HEADER = YES;
				GCC_PREFIX_HEADER = "MCDemo/MCDemo-Prefix.pch";
				INFOPLIST_FILE = "MCDemo/MCDemo-Info.plist";
				PRODUCT_NAME = "$(TARGET_NAME)";
				WRAPPER_EXTENSION = app;
			};
			name = Release;
		};
		4172E4AD191A6FCF003875D8 /* Debug */ = {
			isa = XCBuildConfiguration;
			buildSettings = {
				BUNDLE_LOADER = "$(BUILT_PRODUCTS_DIR)/MCDemo.app/MCDemo";
				FRAMEWORK_SEARCH_PATHS = (
					"$(SDKROOT)/Developer/Library/Frameworks",
					"$(inherited)",
					"$(DEVELOPER_FRAMEWORKS_DIR)",
				);
				GCC_PRECOMPILE_PREFIX_HEADER = YES;
				GCC_PREFIX_HEADER = "MCDemo/MCDemo-Prefix.pch";
				GCC_PREPROCESSOR_DEFINITIONS = (
					"DEBUG=1",
					"$(inherited)",
				);
				INFOPLIST_FILE = "MCDemoTests/MCDemoTests-Info.plist";
				PRODUCT_NAME = "$(TARGET_NAME)";
				TEST_HOST = "$(BUNDLE_LOADER)";
				WRAPPER_EXTENSION = xctest;
			};
			name = Debug;
		};
		4172E4AE191A6FCF003875D8 /* Release */ = {
			isa = XCBuildConfiguration;
			buildSettings = {
				BUNDLE_LOADER = "$(BUILT_PRODUCTS_DIR)/MCDemo.app/MCDemo";
				FRAMEWORK_SEARCH_PATHS = (
					"$(SDKROOT)/Developer/Library/Frameworks",
					"$(inherited)",
					"$(DEVELOPER_FRAMEWORKS_DIR)",
				);
				GCC_PRECOMPILE_PREFIX_HEADER = YES;
				GCC_PREFIX_HEADER = "MCDemo/MCDemo-Prefix.pch";
				INFOPLIST_FILE = "MCDemoTests/MCDemoTests-Info.plist";
				PRODUCT_NAME = "$(TARGET_NAME)";
				TEST_HOST = "$(BUNDLE_LOADER)";
				WRAPPER_EXTENSION = xctest;
			};
			name = Release;
		};
/* End XCBuildConfiguration section */

/* Begin XCConfigurationList section */
		4172E46F191A6FCF003875D8 /* Build configuration list for PBXProject "MCDemo" */ = {
			isa = XCConfigurationList;
			buildConfigurations = (
				4172E4A7191A6FCF003875D8 /* Debug */,
				4172E4A8191A6FCF003875D8 /* Release */,
			);
			defaultConfigurationIsVisible = 0;
			defaultConfigurationName = Release;
		};
		4172E4A9191A6FCF003875D8 /* Build configuration list for PBXNativeTarget "MCDemo" */ = {
			isa = XCConfigurationList;
			buildConfigurations = (
				4172E4AA191A6FCF003875D8 /* Debug */,
				4172E4AB191A6FCF003875D8 /* Release */,
			);
			defaultConfigurationIsVisible = 0;
		};
		4172E4AC191A6FCF003875D8 /* Build configuration list for PBXNativeTarget "MCDemoTests" */ = {
			isa = XCConfigurationList;
			buildConfigurations = (
				4172E4AD191A6FCF003875D8 /* Debug */,
				4172E4AE191A6FCF003875D8 /* Release */,
			);
			defaultConfigurationIsVisible = 0;
		};
/* End XCConfigurationList section */
	};
	rootObject = 4172E46C191A6FCF003875D8 /* Project object */;
}
